// !$*UTF8*$!
{
	archiveVersion = 1;
	classes = {
	};
	objectVersion = 46;
	objects = {

/* Begin PBXBuildFile section */
		71063759196C0ED100D17D66 /* UIView+CreateImage.m in Sources */ = {isa = PBXBuildFile; fileRef = 71063758196C0ED100D17D66 /* UIView+CreateImage.m */; };
		710735A217C4981400484D21 /* OKSonuclarViewController.m in Sources */ = {isa = PBXBuildFile; fileRef = 710735A117C4981400484D21 /* OKSonuclarViewController.m */; };
		710735A617C49E6800484D21 /* OKSonuclarCell.m in Sources */ = {isa = PBXBuildFile; fileRef = 710735A517C49E6800484D21 /* OKSonuclarCell.m */; };
		711A33931AB700E60082075D /* OKAppRater.m in Sources */ = {isa = PBXBuildFile; fileRef = 711A33921AB700E60082075D /* OKAppRater.m */; };
		7128469C1A9CC0BE00E39958 /* OKCamViewController.m in Sources */ = {isa = PBXBuildFile; fileRef = 712846961A9CC0BE00E39958 /* OKCamViewController.m */; };
		7128469D1A9CC0BE00E39958 /* AVCamPreviewView.m in Sources */ = {isa = PBXBuildFile; fileRef = 712846981A9CC0BE00E39958 /* AVCamPreviewView.m */; };
		7128469E1A9CC0BE00E39958 /* switch_camera_white.png in Resources */ = {isa = PBXBuildFile; fileRef = 712846991A9CC0BE00E39958 /* switch_camera_white.png */; };
		7128469F1A9CC0BE00E39958 /* Untitled-1.png in Resources */ = {isa = PBXBuildFile; fileRef = 7128469A1A9CC0BE00E39958 /* Untitled-1.png */; };
		712846A01A9CC0BE00E39958 /* overlaygraphic.png in Resources */ = {isa = PBXBuildFile; fileRef = 7128469B1A9CC0BE00E39958 /* overlaygraphic.png */; };
		712846A21A9CC18200E39958 /* switch_camera.png in Resources */ = {isa = PBXBuildFile; fileRef = 712846A11A9CC18200E39958 /* switch_camera.png */; };
		712846A41A9CC20400E39958 /* AVFoundation.framework in Frameworks */ = {isa = PBXBuildFile; fileRef = 712846A31A9CC20400E39958 /* AVFoundation.framework */; };
		712846A81A9CC91400E39958 /* UIColor+HexTool.m in Sources */ = {isa = PBXBuildFile; fileRef = 712846A71A9CC91400E39958 /* UIColor+HexTool.m */; };
		712846AA1A9CCDF700E39958 /* CoreVideo.framework in Frameworks */ = {isa = PBXBuildFile; fileRef = 712846A91A9CCDF700E39958 /* CoreVideo.framework */; };
		712846AC1A9CCF4200E39958 /* CoreMedia.framework in Frameworks */ = {isa = PBXBuildFile; fileRef = 712846AB1A9CCF4200E39958 /* CoreMedia.framework */; };
		71328A9617C35FD7007EE533 /* UIKit.framework in Frameworks */ = {isa = PBXBuildFile; fileRef = 71328A9517C35FD7007EE533 /* UIKit.framework */; };
		71328A9817C35FD7007EE533 /* Foundation.framework in Frameworks */ = {isa = PBXBuildFile; fileRef = 71328A9717C35FD7007EE533 /* Foundation.framework */; };
		71328A9A17C35FD7007EE533 /* CoreGraphics.framework in Frameworks */ = {isa = PBXBuildFile; fileRef = 71328A9917C35FD7007EE533 /* CoreGraphics.framework */; };
		71328AA017C35FD7007EE533 /* InfoPlist.strings in Resources */ = {isa = PBXBuildFile; fileRef = 71328A9E17C35FD7007EE533 /* InfoPlist.strings */; };
		71328AA217C35FD7007EE533 /* main.m in Sources */ = {isa = PBXBuildFile; fileRef = 71328AA117C35FD7007EE533 /* main.m */; };
		71328AA617C35FD7007EE533 /* OKAppDelegate.m in Sources */ = {isa = PBXBuildFile; fileRef = 71328AA517C35FD7007EE533 /* OKAppDelegate.m */; };
		71328AAF17C35FD7007EE533 /* MainStoryboard_iPhone.storyboard in Resources */ = {isa = PBXBuildFile; fileRef = 71328AAD17C35FD7007EE533 /* MainStoryboard_iPhone.storyboard */; };
		71328AF117C36E92007EE533 /* MobileCoreServices.framework in Frameworks */ = {isa = PBXBuildFile; fileRef = 71328AF017C36E92007EE533 /* MobileCoreServices.framework */; };
		71328AF417C38162007EE533 /* OKMainViewController.m in Sources */ = {isa = PBXBuildFile; fileRef = 71328AF317C38162007EE533 /* OKMainViewController.m */; };
		71328AFA17C3A5B8007EE533 /* CoreImage.framework in Frameworks */ = {isa = PBXBuildFile; fileRef = 71328AF917C3A5B8007EE533 /* CoreImage.framework */; };
		7134B71319A3B3A800BFE754 /* CoreDataTableViewController.m in Sources */ = {isa = PBXBuildFile; fileRef = 7134B71219A3B3A800BFE754 /* CoreDataTableViewController.m */; };
		7134B71F19A3B3F800BFE754 /* ColorDataModel.xcdatamodel in Sources */ = {isa = PBXBuildFile; fileRef = 7134B71419A3B3F800BFE754 /* ColorDataModel.xcdatamodel */; };
		7134B72219A3B3F800BFE754 /* OKProductType.m in Sources */ = {isa = PBXBuildFile; fileRef = 7134B71A19A3B3F800BFE754 /* OKProductType.m */; };
		7134B72319A3B3F800BFE754 /* ColorModel+Create.m in Sources */ = {isa = PBXBuildFile; fileRef = 7134B71C19A3B3F800BFE754 /* ColorModel+Create.m */; };
		7134B72419A3B3F800BFE754 /* BrandModel+Create.m in Sources */ = {isa = PBXBuildFile; fileRef = 7134B71E19A3B3F800BFE754 /* BrandModel+Create.m */; };
		7134B73019A3C27200BFE754 /* CoreData.framework in Frameworks */ = {isa = PBXBuildFile; fileRef = 7134B72F19A3C27200BFE754 /* CoreData.framework */; };
		7134B73319A3C8F900BFE754 /* UIColor+GrayScale.m in Sources */ = {isa = PBXBuildFile; fileRef = 7134B73219A3C8F900BFE754 /* UIColor+GrayScale.m */; };
		71364338195C3B93006EF824 /* QuartzCore.framework in Frameworks */ = {isa = PBXBuildFile; fileRef = 71364337195C3B93006EF824 /* QuartzCore.framework */; };
		7136433D195C5E08006EF824 /* OKUtils.m in Sources */ = {isa = PBXBuildFile; fileRef = 7136433C195C5E08006EF824 /* OKUtils.m */; };
		713733B619B5E61100542E86 /* UserRecordModel+Create.m in Sources */ = {isa = PBXBuildFile; fileRef = 713733B519B5E61100542E86 /* UserRecordModel+Create.m */; };
		714CC3791B05E0C70002F100 /* star-rated.png in Resources */ = {isa = PBXBuildFile; fileRef = 714CC3771B05E0C70002F100 /* star-rated.png */; };
		714CC37A1B05E0C70002F100 /* star-rated.png in Resources */ = {isa = PBXBuildFile; fileRef = 714CC3771B05E0C70002F100 /* star-rated.png */; };
		714CC37B1B05E0C70002F100 /* star-unrated.png in Resources */ = {isa = PBXBuildFile; fileRef = 714CC3781B05E0C70002F100 /* star-unrated.png */; };
		714CC37C1B05E0C70002F100 /* star-unrated.png in Resources */ = {isa = PBXBuildFile; fileRef = 714CC3781B05E0C70002F100 /* star-unrated.png */; };
		7152CB52197557640080898F /* OKProductJsonType.m in Sources */ = {isa = PBXBuildFile; fileRef = 7152CB51197557640080898F /* OKProductJsonType.m */; };
		7163DB751B048A51000911E1 /* OKImagePickerViewController.m in Sources */ = {isa = PBXBuildFile; fileRef = 7163DB741B048A51000911E1 /* OKImagePickerViewController.m */; };
		7163DB761B048A51000911E1 /* OKImagePickerViewController.m in Sources */ = {isa = PBXBuildFile; fileRef = 7163DB741B048A51000911E1 /* OKImagePickerViewController.m */; };
		7163DB791B04D440000911E1 /* OKResultsTableViewCell.m in Sources */ = {isa = PBXBuildFile; fileRef = 7163DB781B04D440000911E1 /* OKResultsTableViewCell.m */; };
		7163DB7A1B04D440000911E1 /* OKResultsTableViewCell.m in Sources */ = {isa = PBXBuildFile; fileRef = 7163DB781B04D440000911E1 /* OKResultsTableViewCell.m */; };
		7169530F196E64C100C988E5 /* localized.strings in Resources */ = {isa = PBXBuildFile; fileRef = 71695311196E64C100C988E5 /* localized.strings */; };
		71840ED819B8454600F99868 /* BrandModel.m in Sources */ = {isa = PBXBuildFile; fileRef = 71840ED719B8454600F99868 /* BrandModel.m */; };
		71840EDB19B8454800F99868 /* ColorModel.m in Sources */ = {isa = PBXBuildFile; fileRef = 71840EDA19B8454800F99868 /* ColorModel.m */; };
		71840EDE19B8454800F99868 /* UserRecordModel.m in Sources */ = {isa = PBXBuildFile; fileRef = 71840EDD19B8454800F99868 /* UserRecordModel.m */; };
		71840EE019B84B7800F99868 /* persistentStore in Resources */ = {isa = PBXBuildFile; fileRef = 71840EDF19B84B7800F99868 /* persistentStore */; };
		718986551963E59400C26297 /* OKZoomView.m in Sources */ = {isa = PBXBuildFile; fileRef = 718986541963E59400C26297 /* OKZoomView.m */; };
		718986581964186500C26297 /* UIImage+ImageEffects.m in Sources */ = {isa = PBXBuildFile; fileRef = 718986571964186500C26297 /* UIImage+ImageEffects.m */; };
		7189865A196419C100C26297 /* Accelerate.framework in Frameworks */ = {isa = PBXBuildFile; fileRef = 71898659196419C100C26297 /* Accelerate.framework */; };
		718986661964592B00C26297 /* final_effect_2.png in Resources */ = {isa = PBXBuildFile; fileRef = 718986651964592B00C26297 /* final_effect_2.png */; };
		71899FF61A971C4200150EEF /* OKWelcomeScreemVC.m in Sources */ = {isa = PBXBuildFile; fileRef = 71899FF51A971C4200150EEF /* OKWelcomeScreemVC.m */; };
		718ABFF81ACBDD0B00000DB2 /* CRVINTERGraphicsView.m in Sources */ = {isa = PBXBuildFile; fileRef = 719C30D819F7A9C300E938BA /* CRVINTERGraphicsView.m */; };
		718ABFF91ACBDD0B00000DB2 /* OKZoomView.m in Sources */ = {isa = PBXBuildFile; fileRef = 718986541963E59400C26297 /* OKZoomView.m */; };
		718ABFFA1ACBDD0B00000DB2 /* OKTryOnMeVC.m in Sources */ = {isa = PBXBuildFile; fileRef = 71D5795B19E5104800E6E2AF /* OKTryOnMeVC.m */; };
		718ABFFB1ACBDD0B00000DB2 /* OKProductType.m in Sources */ = {isa = PBXBuildFile; fileRef = 7134B71A19A3B3F800BFE754 /* OKProductType.m */; };
		718ABFFC1ACBDD0B00000DB2 /* BrandModel+Create.m in Sources */ = {isa = PBXBuildFile; fileRef = 7134B71E19A3B3F800BFE754 /* BrandModel+Create.m */; };
		718ABFFD1ACBDD0B00000DB2 /* OKSettingsTutorialVC.m in Sources */ = {isa = PBXBuildFile; fileRef = 71AE822B1AA5985A009AA806 /* OKSettingsTutorialVC.m */; };
		718ABFFE1ACBDD0B00000DB2 /* OKWelcomeScreemVC.m in Sources */ = {isa = PBXBuildFile; fileRef = 71899FF51A971C4200150EEF /* OKWelcomeScreemVC.m */; };
		718ABFFF1ACBDD0B00000DB2 /* CGPointExtension.m in Sources */ = {isa = PBXBuildFile; fileRef = 719C30DA19F7A9C300E938BA /* CGPointExtension.m */; };
		718AC0001ACBDD0B00000DB2 /* OKSelectColorVC.m in Sources */ = {isa = PBXBuildFile; fileRef = 71D002F51A9727AB00E9FDCE /* OKSelectColorVC.m */; };
		718AC0011ACBDD0B00000DB2 /* UserRecordModel.m in Sources */ = {isa = PBXBuildFile; fileRef = 71840EDD19B8454800F99868 /* UserRecordModel.m */; };
		718AC0021ACBDD0B00000DB2 /* BrandModel.m in Sources */ = {isa = PBXBuildFile; fileRef = 71840ED719B8454600F99868 /* BrandModel.m */; };
		718AC0031ACBDD0B00000DB2 /* OKSettingsViewController.m in Sources */ = {isa = PBXBuildFile; fileRef = 719BCE8B1966F0E9005F575C /* OKSettingsViewController.m */; };
		718AC0041ACBDD0B00000DB2 /* OKCamViewController.m in Sources */ = {isa = PBXBuildFile; fileRef = 712846961A9CC0BE00E39958 /* OKCamViewController.m */; };
		718AC0051ACBDD0B00000DB2 /* UserRecordModel+Create.m in Sources */ = {isa = PBXBuildFile; fileRef = 713733B519B5E61100542E86 /* UserRecordModel+Create.m */; };
		718AC0061ACBDD0B00000DB2 /* main.m in Sources */ = {isa = PBXBuildFile; fileRef = 71328AA117C35FD7007EE533 /* main.m */; };
		718AC0071ACBDD0B00000DB2 /* CoreDataTableViewController.m in Sources */ = {isa = PBXBuildFile; fileRef = 7134B71219A3B3A800BFE754 /* CoreDataTableViewController.m */; };
		718AC0081ACBDD0B00000DB2 /* UIColor+GrayScale.m in Sources */ = {isa = PBXBuildFile; fileRef = 7134B73219A3C8F900BFE754 /* UIColor+GrayScale.m */; };
		718AC0091ACBDD0B00000DB2 /* ColorModel.m in Sources */ = {isa = PBXBuildFile; fileRef = 71840EDA19B8454800F99868 /* ColorModel.m */; };
		718AC00A1ACBDD0B00000DB2 /* OKProductJsonType.m in Sources */ = {isa = PBXBuildFile; fileRef = 7152CB51197557640080898F /* OKProductJsonType.m */; };
		718AC00B1ACBDD0B00000DB2 /* OKAppRater.m in Sources */ = {isa = PBXBuildFile; fileRef = 711A33921AB700E60082075D /* OKAppRater.m */; };
		718AC00C1ACBDD0B00000DB2 /* OKUtils.m in Sources */ = {isa = PBXBuildFile; fileRef = 7136433C195C5E08006EF824 /* OKUtils.m */; };
		718AC00D1ACBDD0B00000DB2 /* OKAppDelegate.m in Sources */ = {isa = PBXBuildFile; fileRef = 71328AA517C35FD7007EE533 /* OKAppDelegate.m */; };
		718AC00E1ACBDD0B00000DB2 /* AVCamPreviewView.m in Sources */ = {isa = PBXBuildFile; fileRef = 712846981A9CC0BE00E39958 /* AVCamPreviewView.m */; };
		718AC00F1ACBDD0B00000DB2 /* UIViewController+AutoDissmissAlert.m in Sources */ = {isa = PBXBuildFile; fileRef = 71F5E2431AA4A5C7006E87CF /* UIViewController+AutoDissmissAlert.m */; };
		718AC0101ACBDD0B00000DB2 /* TapToPointView.m in Sources */ = {isa = PBXBuildFile; fileRef = 719C30E219F7ACE300E938BA /* TapToPointView.m */; };
		718AC0111ACBDD0B00000DB2 /* ColorModel+Create.m in Sources */ = {isa = PBXBuildFile; fileRef = 7134B71C19A3B3F800BFE754 /* ColorModel+Create.m */; };
		718AC0121ACBDD0B00000DB2 /* UIBezierPath+Interpolation.m in Sources */ = {isa = PBXBuildFile; fileRef = 719C30DC19F7A9C300E938BA /* UIBezierPath+Interpolation.m */; };
		718AC0131ACBDD0B00000DB2 /* OKMainViewController.m in Sources */ = {isa = PBXBuildFile; fileRef = 71328AF317C38162007EE533 /* OKMainViewController.m */; };
		718AC0141ACBDD0B00000DB2 /* UIImage+ImageEffects.m in Sources */ = {isa = PBXBuildFile; fileRef = 718986571964186500C26297 /* UIImage+ImageEffects.m */; };
		718AC0151ACBDD0B00000DB2 /* UIView+CreateImage.m in Sources */ = {isa = PBXBuildFile; fileRef = 71063758196C0ED100D17D66 /* UIView+CreateImage.m */; };
		718AC0161ACBDD0B00000DB2 /* UIImage+AverageColor.m in Sources */ = {isa = PBXBuildFile; fileRef = 71ECEF94195AC2A600872EBC /* UIImage+AverageColor.m */; };
		718AC0171ACBDD0B00000DB2 /* ColorDataModel.xcdatamodel in Sources */ = {isa = PBXBuildFile; fileRef = 7134B71419A3B3F800BFE754 /* ColorDataModel.xcdatamodel */; };
		718AC0181ACBDD0B00000DB2 /* OKSonuclarViewController.m in Sources */ = {isa = PBXBuildFile; fileRef = 710735A117C4981400484D21 /* OKSonuclarViewController.m */; };
		718AC0191ACBDD0B00000DB2 /* OKSonuclarCell.m in Sources */ = {isa = PBXBuildFile; fileRef = 710735A517C49E6800484D21 /* OKSonuclarCell.m */; };
		718AC01A1ACBDD0B00000DB2 /* UIColor+HexTool.m in Sources */ = {isa = PBXBuildFile; fileRef = 712846A71A9CC91400E39958 /* UIColor+HexTool.m */; };
		718AC01C1ACBDD0B00000DB2 /* CoreMedia.framework in Frameworks */ = {isa = PBXBuildFile; fileRef = 712846AB1A9CCF4200E39958 /* CoreMedia.framework */; };
		718AC01D1ACBDD0B00000DB2 /* CoreVideo.framework in Frameworks */ = {isa = PBXBuildFile; fileRef = 712846A91A9CCDF700E39958 /* CoreVideo.framework */; };
		718AC01E1ACBDD0B00000DB2 /* AVFoundation.framework in Frameworks */ = {isa = PBXBuildFile; fileRef = 712846A31A9CC20400E39958 /* AVFoundation.framework */; };
		718AC01F1ACBDD0B00000DB2 /* CoreData.framework in Frameworks */ = {isa = PBXBuildFile; fileRef = 7134B72F19A3C27200BFE754 /* CoreData.framework */; };
		718AC0201ACBDD0B00000DB2 /* Accelerate.framework in Frameworks */ = {isa = PBXBuildFile; fileRef = 71898659196419C100C26297 /* Accelerate.framework */; };
		718AC0211ACBDD0B00000DB2 /* QuartzCore.framework in Frameworks */ = {isa = PBXBuildFile; fileRef = 71364337195C3B93006EF824 /* QuartzCore.framework */; };
		718AC0221ACBDD0B00000DB2 /* CoreImage.framework in Frameworks */ = {isa = PBXBuildFile; fileRef = 71328AF917C3A5B8007EE533 /* CoreImage.framework */; };
		718AC0231ACBDD0B00000DB2 /* MobileCoreServices.framework in Frameworks */ = {isa = PBXBuildFile; fileRef = 71328AF017C36E92007EE533 /* MobileCoreServices.framework */; };
		718AC0241ACBDD0B00000DB2 /* UIKit.framework in Frameworks */ = {isa = PBXBuildFile; fileRef = 71328A9517C35FD7007EE533 /* UIKit.framework */; };
		718AC0251ACBDD0B00000DB2 /* Foundation.framework in Frameworks */ = {isa = PBXBuildFile; fileRef = 71328A9717C35FD7007EE533 /* Foundation.framework */; };
		718AC0261ACBDD0B00000DB2 /* CoreGraphics.framework in Frameworks */ = {isa = PBXBuildFile; fileRef = 71328A9917C35FD7007EE533 /* CoreGraphics.framework */; };
		718AC0281ACBDD0B00000DB2 /* InfoPlist.strings in Resources */ = {isa = PBXBuildFile; fileRef = 71328A9E17C35FD7007EE533 /* InfoPlist.strings */; };
		718AC0291ACBDD0B00000DB2 /* search_white_navbar.png in Resources */ = {isa = PBXBuildFile; fileRef = 71D002F71A97740800E9FDCE /* search_white_navbar.png */; };
		718AC02A1ACBDD0B00000DB2 /* ImageAssets.xcassets in Resources */ = {isa = PBXBuildFile; fileRef = 7193555B19654DFC0040F48D /* ImageAssets.xcassets */; };
		718AC02B1ACBDD0B00000DB2 /* persistentStore in Resources */ = {isa = PBXBuildFile; fileRef = 71840EDF19B84B7800F99868 /* persistentStore */; };
		718AC02C1ACBDD0B00000DB2 /* Untitled-1.png in Resources */ = {isa = PBXBuildFile; fileRef = 7128469A1A9CC0BE00E39958 /* Untitled-1.png */; };
		718AC02D1ACBDD0B00000DB2 /* switch_camera.png in Resources */ = {isa = PBXBuildFile; fileRef = 712846A11A9CC18200E39958 /* switch_camera.png */; };
		718AC02E1ACBDD0B00000DB2 /* localized.strings in Resources */ = {isa = PBXBuildFile; fileRef = 71695311196E64C100C988E5 /* localized.strings */; };
		718AC02F1ACBDD0B00000DB2 /* final_effect_2.png in Resources */ = {isa = PBXBuildFile; fileRef = 718986651964592B00C26297 /* final_effect_2.png */; };
		718AC0301ACBDD0B00000DB2 /* MainStoryboard_iPhone.storyboard in Resources */ = {isa = PBXBuildFile; fileRef = 71328AAD17C35FD7007EE533 /* MainStoryboard_iPhone.storyboard */; };
		718AC0311ACBDD0B00000DB2 /* overlaygraphic.png in Resources */ = {isa = PBXBuildFile; fileRef = 7128469B1A9CC0BE00E39958 /* overlaygraphic.png */; };
		718AC0321ACBDD0B00000DB2 /* switch_camera_white.png in Resources */ = {isa = PBXBuildFile; fileRef = 712846991A9CC0BE00E39958 /* switch_camera_white.png */; };
		718AC0331ACBDD0B00000DB2 /* home-icon.png in Resources */ = {isa = PBXBuildFile; fileRef = 71A7FF8D1A9E0178005097DC /* home-icon.png */; };
		718AC03D1ACBE1E900000DB2 /* iAd.framework in Frameworks */ = {isa = PBXBuildFile; fileRef = 718ABFF41ACBDC7900000DB2 /* iAd.framework */; };
		7193555C19654DFC0040F48D /* ImageAssets.xcassets in Resources */ = {isa = PBXBuildFile; fileRef = 7193555B19654DFC0040F48D /* ImageAssets.xcassets */; };
		719BCE8C1966F0E9005F575C /* OKSettingsViewController.m in Sources */ = {isa = PBXBuildFile; fileRef = 719BCE8B1966F0E9005F575C /* OKSettingsViewController.m */; };
		719C30DD19F7A9C300E938BA /* CRVINTERGraphicsView.m in Sources */ = {isa = PBXBuildFile; fileRef = 719C30D819F7A9C300E938BA /* CRVINTERGraphicsView.m */; };
		719C30DE19F7A9C300E938BA /* CGPointExtension.m in Sources */ = {isa = PBXBuildFile; fileRef = 719C30DA19F7A9C300E938BA /* CGPointExtension.m */; };
		719C30DF19F7A9C300E938BA /* UIBezierPath+Interpolation.m in Sources */ = {isa = PBXBuildFile; fileRef = 719C30DC19F7A9C300E938BA /* UIBezierPath+Interpolation.m */; };
		719C30E319F7ACE300E938BA /* TapToPointView.m in Sources */ = {isa = PBXBuildFile; fileRef = 719C30E219F7ACE300E938BA /* TapToPointView.m */; };
		71A7FF8E1A9E0178005097DC /* home-icon.png in Resources */ = {isa = PBXBuildFile; fileRef = 71A7FF8D1A9E0178005097DC /* home-icon.png */; };
		71AE822C1AA5985A009AA806 /* OKSettingsTutorialVC.m in Sources */ = {isa = PBXBuildFile; fileRef = 71AE822B1AA5985A009AA806 /* OKSettingsTutorialVC.m */; };
		71CCFB3C1AEA56A800D19710 /* patt-4.jpg in Resources */ = {isa = PBXBuildFile; fileRef = 71CCFB341AEA56A800D19710 /* patt-4.jpg */; };
		71CCFB3D1AEA56A800D19710 /* patt-4.jpg in Resources */ = {isa = PBXBuildFile; fileRef = 71CCFB341AEA56A800D19710 /* patt-4.jpg */; };
		71CCFB421AEA7DFF00D19710 /* UIViewController+MotionEffect.m in Sources */ = {isa = PBXBuildFile; fileRef = 71CCFB411AEA7DFF00D19710 /* UIViewController+MotionEffect.m */; };
		71CCFB431AEA7DFF00D19710 /* UIViewController+MotionEffect.m in Sources */ = {isa = PBXBuildFile; fileRef = 71CCFB411AEA7DFF00D19710 /* UIViewController+MotionEffect.m */; };
		71D002F61A9727AC00E9FDCE /* OKSelectColorVC.m in Sources */ = {isa = PBXBuildFile; fileRef = 71D002F51A9727AB00E9FDCE /* OKSelectColorVC.m */; };
		71D002F81A97740800E9FDCE /* search_white_navbar.png in Resources */ = {isa = PBXBuildFile; fileRef = 71D002F71A97740800E9FDCE /* search_white_navbar.png */; };
		71D5795C19E5104800E6E2AF /* OKTryOnMeVC.m in Sources */ = {isa = PBXBuildFile; fileRef = 71D5795B19E5104800E6E2AF /* OKTryOnMeVC.m */; };
		71ECEF95195AC2A600872EBC /* UIImage+AverageColor.m in Sources */ = {isa = PBXBuildFile; fileRef = 71ECEF94195AC2A600872EBC /* UIImage+AverageColor.m */; };
		71F5E2441AA4A5C7006E87CF /* UIViewController+AutoDissmissAlert.m in Sources */ = {isa = PBXBuildFile; fileRef = 71F5E2431AA4A5C7006E87CF /* UIViewController+AutoDissmissAlert.m */; };
/* End PBXBuildFile section */

/* Begin PBXFileReference section */
		71063757196C0ED100D17D66 /* UIView+CreateImage.h */ = {isa = PBXFileReference; fileEncoding = 4; lastKnownFileType = sourcecode.c.h; path = "UIView+CreateImage.h"; sourceTree = "<group>"; };
		71063758196C0ED100D17D66 /* UIView+CreateImage.m */ = {isa = PBXFileReference; fileEncoding = 4; lastKnownFileType = sourcecode.c.objc; path = "UIView+CreateImage.m"; sourceTree = "<group>"; };
		710735A017C4981400484D21 /* OKSonuclarViewController.h */ = {isa = PBXFileReference; fileEncoding = 4; lastKnownFileType = sourcecode.c.h; path = OKSonuclarViewController.h; sourceTree = "<group>"; };
		710735A117C4981400484D21 /* OKSonuclarViewController.m */ = {isa = PBXFileReference; fileEncoding = 4; lastKnownFileType = sourcecode.c.objc; path = OKSonuclarViewController.m; sourceTree = "<group>"; };
		710735A417C49E6800484D21 /* OKSonuclarCell.h */ = {isa = PBXFileReference; fileEncoding = 4; lastKnownFileType = sourcecode.c.h; path = OKSonuclarCell.h; sourceTree = "<group>"; };
		710735A517C49E6800484D21 /* OKSonuclarCell.m */ = {isa = PBXFileReference; fileEncoding = 4; lastKnownFileType = sourcecode.c.objc; path = OKSonuclarCell.m; sourceTree = "<group>"; };
		711A33911AB700E60082075D /* OKAppRater.h */ = {isa = PBXFileReference; fileEncoding = 4; lastKnownFileType = sourcecode.c.h; path = OKAppRater.h; sourceTree = "<group>"; };
		711A33921AB700E60082075D /* OKAppRater.m */ = {isa = PBXFileReference; fileEncoding = 4; lastKnownFileType = sourcecode.c.objc; path = OKAppRater.m; sourceTree = "<group>"; };
		712846951A9CC0BE00E39958 /* OKCamViewController.h */ = {isa = PBXFileReference; fileEncoding = 4; lastKnownFileType = sourcecode.c.h; path = OKCamViewController.h; sourceTree = "<group>"; };
		712846961A9CC0BE00E39958 /* OKCamViewController.m */ = {isa = PBXFileReference; fileEncoding = 4; lastKnownFileType = sourcecode.c.objc; path = OKCamViewController.m; sourceTree = "<group>"; };
		712846971A9CC0BE00E39958 /* AVCamPreviewView.h */ = {isa = PBXFileReference; fileEncoding = 4; lastKnownFileType = sourcecode.c.h; path = AVCamPreviewView.h; sourceTree = "<group>"; };
		712846981A9CC0BE00E39958 /* AVCamPreviewView.m */ = {isa = PBXFileReference; fileEncoding = 4; lastKnownFileType = sourcecode.c.objc; path = AVCamPreviewView.m; sourceTree = "<group>"; };
		712846991A9CC0BE00E39958 /* switch_camera_white.png */ = {isa = PBXFileReference; lastKnownFileType = image.png; path = switch_camera_white.png; sourceTree = "<group>"; };
		7128469A1A9CC0BE00E39958 /* Untitled-1.png */ = {isa = PBXFileReference; lastKnownFileType = image.png; path = "Untitled-1.png"; sourceTree = "<group>"; };
		7128469B1A9CC0BE00E39958 /* overlaygraphic.png */ = {isa = PBXFileReference; lastKnownFileType = image.png; path = overlaygraphic.png; sourceTree = "<group>"; };
		712846A11A9CC18200E39958 /* switch_camera.png */ = {isa = PBXFileReference; lastKnownFileType = image.png; path = switch_camera.png; sourceTree = "<group>"; };
		712846A31A9CC20400E39958 /* AVFoundation.framework */ = {isa = PBXFileReference; lastKnownFileType = wrapper.framework; name = AVFoundation.framework; path = System/Library/Frameworks/AVFoundation.framework; sourceTree = SDKROOT; };
		712846A61A9CC91400E39958 /* UIColor+HexTool.h */ = {isa = PBXFileReference; fileEncoding = 4; lastKnownFileType = sourcecode.c.h; path = "UIColor+HexTool.h"; sourceTree = "<group>"; };
		712846A71A9CC91400E39958 /* UIColor+HexTool.m */ = {isa = PBXFileReference; fileEncoding = 4; lastKnownFileType = sourcecode.c.objc; path = "UIColor+HexTool.m"; sourceTree = "<group>"; };
		712846A91A9CCDF700E39958 /* CoreVideo.framework */ = {isa = PBXFileReference; lastKnownFileType = wrapper.framework; name = CoreVideo.framework; path = System/Library/Frameworks/CoreVideo.framework; sourceTree = SDKROOT; };
		712846AB1A9CCF4200E39958 /* CoreMedia.framework */ = {isa = PBXFileReference; lastKnownFileType = wrapper.framework; name = CoreMedia.framework; path = System/Library/Frameworks/CoreMedia.framework; sourceTree = SDKROOT; };
		71328A9217C35FD7007EE533 /* Saç Boyam.app */ = {isa = PBXFileReference; explicitFileType = wrapper.application; includeInIndex = 0; path = "Saç Boyam.app"; sourceTree = BUILT_PRODUCTS_DIR; };
		71328A9517C35FD7007EE533 /* UIKit.framework */ = {isa = PBXFileReference; lastKnownFileType = wrapper.framework; name = UIKit.framework; path = System/Library/Frameworks/UIKit.framework; sourceTree = SDKROOT; };
		71328A9717C35FD7007EE533 /* Foundation.framework */ = {isa = PBXFileReference; lastKnownFileType = wrapper.framework; name = Foundation.framework; path = System/Library/Frameworks/Foundation.framework; sourceTree = SDKROOT; };
		71328A9917C35FD7007EE533 /* CoreGraphics.framework */ = {isa = PBXFileReference; lastKnownFileType = wrapper.framework; name = CoreGraphics.framework; path = System/Library/Frameworks/CoreGraphics.framework; sourceTree = SDKROOT; };
		71328A9D17C35FD7007EE533 /* Saç Boyam-Info.plist */ = {isa = PBXFileReference; lastKnownFileType = text.plist.xml; path = "Saç Boyam-Info.plist"; sourceTree = "<group>"; };
		71328A9F17C35FD7007EE533 /* en */ = {isa = PBXFileReference; lastKnownFileType = text.plist.strings; name = en; path = en.lproj/InfoPlist.strings; sourceTree = "<group>"; };
		71328AA117C35FD7007EE533 /* main.m */ = {isa = PBXFileReference; lastKnownFileType = sourcecode.c.objc; path = main.m; sourceTree = "<group>"; };
		71328AA317C35FD7007EE533 /* Saç Boyam-Prefix.pch */ = {isa = PBXFileReference; lastKnownFileType = sourcecode.c.h; path = "Saç Boyam-Prefix.pch"; sourceTree = "<group>"; };
		71328AA417C35FD7007EE533 /* OKAppDelegate.h */ = {isa = PBXFileReference; lastKnownFileType = sourcecode.c.h; path = OKAppDelegate.h; sourceTree = "<group>"; };
		71328AA517C35FD7007EE533 /* OKAppDelegate.m */ = {isa = PBXFileReference; lastKnownFileType = sourcecode.c.objc; path = OKAppDelegate.m; sourceTree = "<group>"; };
		71328AF017C36E92007EE533 /* MobileCoreServices.framework */ = {isa = PBXFileReference; lastKnownFileType = wrapper.framework; name = MobileCoreServices.framework; path = System/Library/Frameworks/MobileCoreServices.framework; sourceTree = SDKROOT; };
		71328AF217C38162007EE533 /* OKMainViewController.h */ = {isa = PBXFileReference; fileEncoding = 4; lastKnownFileType = sourcecode.c.h; path = OKMainViewController.h; sourceTree = "<group>"; };
		71328AF317C38162007EE533 /* OKMainViewController.m */ = {isa = PBXFileReference; fileEncoding = 4; lastKnownFileType = sourcecode.c.objc; path = OKMainViewController.m; sourceTree = "<group>"; };
		71328AF917C3A5B8007EE533 /* CoreImage.framework */ = {isa = PBXFileReference; lastKnownFileType = wrapper.framework; name = CoreImage.framework; path = System/Library/Frameworks/CoreImage.framework; sourceTree = SDKROOT; };
		7134B71119A3B3A800BFE754 /* CoreDataTableViewController.h */ = {isa = PBXFileReference; fileEncoding = 4; lastKnownFileType = sourcecode.c.h; path = CoreDataTableViewController.h; sourceTree = "<group>"; };
		7134B71219A3B3A800BFE754 /* CoreDataTableViewController.m */ = {isa = PBXFileReference; fileEncoding = 4; lastKnownFileType = sourcecode.c.objc; path = CoreDataTableViewController.m; sourceTree = "<group>"; };
		7134B71419A3B3F800BFE754 /* ColorDataModel.xcdatamodel */ = {isa = PBXFileReference; lastKnownFileType = wrapper.xcdatamodel; path = ColorDataModel.xcdatamodel; sourceTree = "<group>"; };
		7134B71919A3B3F800BFE754 /* OKProductType.h */ = {isa = PBXFileReference; fileEncoding = 4; lastKnownFileType = sourcecode.c.h; path = OKProductType.h; sourceTree = "<group>"; };
		7134B71A19A3B3F800BFE754 /* OKProductType.m */ = {isa = PBXFileReference; fileEncoding = 4; lastKnownFileType = sourcecode.c.objc; path = OKProductType.m; sourceTree = "<group>"; };
		7134B71B19A3B3F800BFE754 /* ColorModel+Create.h */ = {isa = PBXFileReference; fileEncoding = 4; lastKnownFileType = sourcecode.c.h; path = "ColorModel+Create.h"; sourceTree = "<group>"; };
		7134B71C19A3B3F800BFE754 /* ColorModel+Create.m */ = {isa = PBXFileReference; fileEncoding = 4; lastKnownFileType = sourcecode.c.objc; path = "ColorModel+Create.m"; sourceTree = "<group>"; };
		7134B71D19A3B3F800BFE754 /* BrandModel+Create.h */ = {isa = PBXFileReference; fileEncoding = 4; lastKnownFileType = sourcecode.c.h; path = "BrandModel+Create.h"; sourceTree = "<group>"; };
		7134B71E19A3B3F800BFE754 /* BrandModel+Create.m */ = {isa = PBXFileReference; fileEncoding = 4; lastKnownFileType = sourcecode.c.objc; path = "BrandModel+Create.m"; sourceTree = "<group>"; };
		7134B72F19A3C27200BFE754 /* CoreData.framework */ = {isa = PBXFileReference; lastKnownFileType = wrapper.framework; name = CoreData.framework; path = System/Library/Frameworks/CoreData.framework; sourceTree = SDKROOT; };
		7134B73119A3C8F900BFE754 /* UIColor+GrayScale.h */ = {isa = PBXFileReference; fileEncoding = 4; lastKnownFileType = sourcecode.c.h; path = "UIColor+GrayScale.h"; sourceTree = "<group>"; };
		7134B73219A3C8F900BFE754 /* UIColor+GrayScale.m */ = {isa = PBXFileReference; fileEncoding = 4; lastKnownFileType = sourcecode.c.objc; path = "UIColor+GrayScale.m"; sourceTree = "<group>"; };
		71364337195C3B93006EF824 /* QuartzCore.framework */ = {isa = PBXFileReference; lastKnownFileType = wrapper.framework; name = QuartzCore.framework; path = System/Library/Frameworks/QuartzCore.framework; sourceTree = SDKROOT; };
		7136433B195C5E08006EF824 /* OKUtils.h */ = {isa = PBXFileReference; fileEncoding = 4; lastKnownFileType = sourcecode.c.h; path = OKUtils.h; sourceTree = "<group>"; };
		7136433C195C5E08006EF824 /* OKUtils.m */ = {isa = PBXFileReference; fileEncoding = 4; lastKnownFileType = sourcecode.c.objc; path = OKUtils.m; sourceTree = "<group>"; };
		713733B419B5E61100542E86 /* UserRecordModel+Create.h */ = {isa = PBXFileReference; fileEncoding = 4; lastKnownFileType = sourcecode.c.h; path = "UserRecordModel+Create.h"; sourceTree = "<group>"; };
		713733B519B5E61100542E86 /* UserRecordModel+Create.m */ = {isa = PBXFileReference; fileEncoding = 4; lastKnownFileType = sourcecode.c.objc; path = "UserRecordModel+Create.m"; sourceTree = "<group>"; };
		713733ED19B70F0500542E86 /* tr */ = {isa = PBXFileReference; lastKnownFileType = text.plist.strings; name = tr; path = tr.lproj/InfoPlist.strings; sourceTree = "<group>"; };
		713733EE19B70F0500542E86 /* tr */ = {isa = PBXFileReference; lastKnownFileType = text.plist.strings; name = tr; path = tr.lproj/localized.strings; sourceTree = "<group>"; };
		714CC3771B05E0C70002F100 /* star-rated.png */ = {isa = PBXFileReference; lastKnownFileType = image.png; path = "star-rated.png"; sourceTree = "<group>"; };
		714CC3781B05E0C70002F100 /* star-unrated.png */ = {isa = PBXFileReference; lastKnownFileType = image.png; path = "star-unrated.png"; sourceTree = "<group>"; };
		7150A55E19B4A1AB00597373 /* en */ = {isa = PBXFileReference; lastKnownFileType = file.storyboard; name = en; path = en.lproj/MainStoryboard_iPhone.storyboard; sourceTree = "<group>"; };
		7152CB50197557640080898F /* OKProductJsonType.h */ = {isa = PBXFileReference; fileEncoding = 4; lastKnownFileType = sourcecode.c.h; path = OKProductJsonType.h; sourceTree = "<group>"; };
		7152CB51197557640080898F /* OKProductJsonType.m */ = {isa = PBXFileReference; fileEncoding = 4; lastKnownFileType = sourcecode.c.objc; path = OKProductJsonType.m; sourceTree = "<group>"; };
		7163849C1AAEE8B7001AD4CF /* tr */ = {isa = PBXFileReference; lastKnownFileType = file.storyboard; name = tr; path = tr.lproj/MainStoryboard_iPhone.storyboard; sourceTree = "<group>"; };
		7163DB731B048A51000911E1 /* OKImagePickerViewController.h */ = {isa = PBXFileReference; fileEncoding = 4; lastKnownFileType = sourcecode.c.h; path = OKImagePickerViewController.h; sourceTree = "<group>"; };
		7163DB741B048A51000911E1 /* OKImagePickerViewController.m */ = {isa = PBXFileReference; fileEncoding = 4; lastKnownFileType = sourcecode.c.objc; path = OKImagePickerViewController.m; sourceTree = "<group>"; };
		7163DB771B04D440000911E1 /* OKResultsTableViewCell.h */ = {isa = PBXFileReference; fileEncoding = 4; lastKnownFileType = sourcecode.c.h; path = OKResultsTableViewCell.h; sourceTree = "<group>"; };
		7163DB781B04D440000911E1 /* OKResultsTableViewCell.m */ = {isa = PBXFileReference; fileEncoding = 4; lastKnownFileType = sourcecode.c.objc; path = OKResultsTableViewCell.m; sourceTree = "<group>"; };
		71695310196E64C100C988E5 /* en */ = {isa = PBXFileReference; lastKnownFileType = text.plist.strings; name = en; path = en.lproj/localized.strings; sourceTree = "<group>"; };
		71840ED619B8454600F99868 /* BrandModel.h */ = {isa = PBXFileReference; fileEncoding = 4; lastKnownFileType = sourcecode.c.h; path = BrandModel.h; sourceTree = "<group>"; };
		71840ED719B8454600F99868 /* BrandModel.m */ = {isa = PBXFileReference; fileEncoding = 4; lastKnownFileType = sourcecode.c.objc; path = BrandModel.m; sourceTree = "<group>"; };
		71840ED919B8454800F99868 /* ColorModel.h */ = {isa = PBXFileReference; fileEncoding = 4; lastKnownFileType = sourcecode.c.h; path = ColorModel.h; sourceTree = "<group>"; };
		71840EDA19B8454800F99868 /* ColorModel.m */ = {isa = PBXFileReference; fileEncoding = 4; lastKnownFileType = sourcecode.c.objc; path = ColorModel.m; sourceTree = "<group>"; };
		71840EDC19B8454800F99868 /* UserRecordModel.h */ = {isa = PBXFileReference; fileEncoding = 4; lastKnownFileType = sourcecode.c.h; path = UserRecordModel.h; sourceTree = "<group>"; };
		71840EDD19B8454800F99868 /* UserRecordModel.m */ = {isa = PBXFileReference; fileEncoding = 4; lastKnownFileType = sourcecode.c.objc; path = UserRecordModel.m; sourceTree = "<group>"; };
		71840EDF19B84B7800F99868 /* persistentStore */ = {isa = PBXFileReference; lastKnownFileType = file; path = persistentStore; sourceTree = "<group>"; };
		718986531963E59400C26297 /* OKZoomView.h */ = {isa = PBXFileReference; fileEncoding = 4; lastKnownFileType = sourcecode.c.h; path = OKZoomView.h; sourceTree = "<group>"; };
		718986541963E59400C26297 /* OKZoomView.m */ = {isa = PBXFileReference; fileEncoding = 4; lastKnownFileType = sourcecode.c.objc; path = OKZoomView.m; sourceTree = "<group>"; };
		718986561964186500C26297 /* UIImage+ImageEffects.h */ = {isa = PBXFileReference; fileEncoding = 4; lastKnownFileType = sourcecode.c.h; path = "UIImage+ImageEffects.h"; sourceTree = "<group>"; };
		718986571964186500C26297 /* UIImage+ImageEffects.m */ = {isa = PBXFileReference; fileEncoding = 4; lastKnownFileType = sourcecode.c.objc; path = "UIImage+ImageEffects.m"; sourceTree = "<group>"; };
		71898659196419C100C26297 /* Accelerate.framework */ = {isa = PBXFileReference; lastKnownFileType = wrapper.framework; name = Accelerate.framework; path = System/Library/Frameworks/Accelerate.framework; sourceTree = SDKROOT; };
		718986651964592B00C26297 /* final_effect_2.png */ = {isa = PBXFileReference; lastKnownFileType = image.png; path = final_effect_2.png; sourceTree = "<group>"; };
		71899FF41A971C4200150EEF /* OKWelcomeScreemVC.h */ = {isa = PBXFileReference; fileEncoding = 4; lastKnownFileType = sourcecode.c.h; path = OKWelcomeScreemVC.h; sourceTree = "<group>"; };
		71899FF51A971C4200150EEF /* OKWelcomeScreemVC.m */ = {isa = PBXFileReference; fileEncoding = 4; lastKnownFileType = sourcecode.c.objc; path = OKWelcomeScreemVC.m; sourceTree = "<group>"; };
		718ABFF31ACBDC0D00000DB2 /* Saç Boyam Free-Info.plist */ = {isa = PBXFileReference; lastKnownFileType = text.plist.xml; name = "Saç Boyam Free-Info.plist"; path = "/Users/oguzhank/Dropbox/iOS-Projects/Sac Boyam/Saç Boyam Free-Info.plist"; sourceTree = "<absolute>"; };
		718ABFF41ACBDC7900000DB2 /* iAd.framework */ = {isa = PBXFileReference; lastKnownFileType = wrapper.framework; name = iAd.framework; path = System/Library/Frameworks/iAd.framework; sourceTree = SDKROOT; };
		718AC0371ACBDD0B00000DB2 /* Saç Boyam Free.app */ = {isa = PBXFileReference; explicitFileType = wrapper.application; includeInIndex = 0; path = "Saç Boyam Free.app"; sourceTree = BUILT_PRODUCTS_DIR; };
		7193555B19654DFC0040F48D /* ImageAssets.xcassets */ = {isa = PBXFileReference; lastKnownFileType = folder.assetcatalog; name = ImageAssets.xcassets; path = ../ImageAssets.xcassets; sourceTree = "<group>"; };
		719BCE8A1966F0E9005F575C /* OKSettingsViewController.h */ = {isa = PBXFileReference; fileEncoding = 4; lastKnownFileType = sourcecode.c.h; name = OKSettingsViewController.h; path = ../OKSettingsViewController.h; sourceTree = "<group>"; };
		719BCE8B1966F0E9005F575C /* OKSettingsViewController.m */ = {isa = PBXFileReference; fileEncoding = 4; lastKnownFileType = sourcecode.c.objc; name = OKSettingsViewController.m; path = ../OKSettingsViewController.m; sourceTree = "<group>"; };
		719C30D719F7A9C300E938BA /* CRVINTERGraphicsView.h */ = {isa = PBXFileReference; fileEncoding = 4; lastKnownFileType = sourcecode.c.h; path = CRVINTERGraphicsView.h; sourceTree = "<group>"; };
		719C30D819F7A9C300E938BA /* CRVINTERGraphicsView.m */ = {isa = PBXFileReference; fileEncoding = 4; lastKnownFileType = sourcecode.c.objc; path = CRVINTERGraphicsView.m; sourceTree = "<group>"; };
		719C30D919F7A9C300E938BA /* CGPointExtension.h */ = {isa = PBXFileReference; fileEncoding = 4; lastKnownFileType = sourcecode.c.h; path = CGPointExtension.h; sourceTree = "<group>"; };
		719C30DA19F7A9C300E938BA /* CGPointExtension.m */ = {isa = PBXFileReference; fileEncoding = 4; lastKnownFileType = sourcecode.c.objc; path = CGPointExtension.m; sourceTree = "<group>"; };
		719C30DB19F7A9C300E938BA /* UIBezierPath+Interpolation.h */ = {isa = PBXFileReference; fileEncoding = 4; lastKnownFileType = sourcecode.c.h; path = "UIBezierPath+Interpolation.h"; sourceTree = "<group>"; };
		719C30DC19F7A9C300E938BA /* UIBezierPath+Interpolation.m */ = {isa = PBXFileReference; fileEncoding = 4; lastKnownFileType = sourcecode.c.objc; path = "UIBezierPath+Interpolation.m"; sourceTree = "<group>"; };
		719C30E119F7ACE300E938BA /* TapToPointView.h */ = {isa = PBXFileReference; fileEncoding = 4; lastKnownFileType = sourcecode.c.h; path = TapToPointView.h; sourceTree = "<group>"; };
		719C30E219F7ACE300E938BA /* TapToPointView.m */ = {isa = PBXFileReference; fileEncoding = 4; lastKnownFileType = sourcecode.c.objc; path = TapToPointView.m; sourceTree = "<group>"; };
		71A7FF8D1A9E0178005097DC /* home-icon.png */ = {isa = PBXFileReference; lastKnownFileType = image.png; path = "home-icon.png"; sourceTree = "<group>"; };
		71AE822A1AA5985A009AA806 /* OKSettingsTutorialVC.h */ = {isa = PBXFileReference; fileEncoding = 4; lastKnownFileType = sourcecode.c.h; path = OKSettingsTutorialVC.h; sourceTree = "<group>"; };
		71AE822B1AA5985A009AA806 /* OKSettingsTutorialVC.m */ = {isa = PBXFileReference; fileEncoding = 4; lastKnownFileType = sourcecode.c.objc; path = OKSettingsTutorialVC.m; sourceTree = "<group>"; };
		71CCFB341AEA56A800D19710 /* patt-4.jpg */ = {isa = PBXFileReference; lastKnownFileType = image.jpeg; path = "patt-4.jpg"; sourceTree = "<group>"; };
		71CCFB401AEA7DFF00D19710 /* UIViewController+MotionEffect.h */ = {isa = PBXFileReference; fileEncoding = 4; lastKnownFileType = sourcecode.c.h; path = "UIViewController+MotionEffect.h"; sourceTree = "<group>"; };
		71CCFB411AEA7DFF00D19710 /* UIViewController+MotionEffect.m */ = {isa = PBXFileReference; fileEncoding = 4; lastKnownFileType = sourcecode.c.objc; path = "UIViewController+MotionEffect.m"; sourceTree = "<group>"; };
		71D002F41A9727AB00E9FDCE /* OKSelectColorVC.h */ = {isa = PBXFileReference; fileEncoding = 4; lastKnownFileType = sourcecode.c.h; path = OKSelectColorVC.h; sourceTree = "<group>"; };
		71D002F51A9727AB00E9FDCE /* OKSelectColorVC.m */ = {isa = PBXFileReference; fileEncoding = 4; lastKnownFileType = sourcecode.c.objc; path = OKSelectColorVC.m; sourceTree = "<group>"; };
		71D002F71A97740800E9FDCE /* search_white_navbar.png */ = {isa = PBXFileReference; lastKnownFileType = image.png; path = search_white_navbar.png; sourceTree = "<group>"; };
		71D5795A19E5104800E6E2AF /* OKTryOnMeVC.h */ = {isa = PBXFileReference; fileEncoding = 4; lastKnownFileType = sourcecode.c.h; path = OKTryOnMeVC.h; sourceTree = "<group>"; };
		71D5795B19E5104800E6E2AF /* OKTryOnMeVC.m */ = {isa = PBXFileReference; fileEncoding = 4; lastKnownFileType = sourcecode.c.objc; path = OKTryOnMeVC.m; sourceTree = "<group>"; };
		71ECEF93195AC2A600872EBC /* UIImage+AverageColor.h */ = {isa = PBXFileReference; fileEncoding = 4; lastKnownFileType = sourcecode.c.h; path = "UIImage+AverageColor.h"; sourceTree = "<group>"; };
		71ECEF94195AC2A600872EBC /* UIImage+AverageColor.m */ = {isa = PBXFileReference; fileEncoding = 4; lastKnownFileType = sourcecode.c.objc; path = "UIImage+AverageColor.m"; sourceTree = "<group>"; };
		71F5E2421AA4A5C7006E87CF /* UIViewController+AutoDissmissAlert.h */ = {isa = PBXFileReference; fileEncoding = 4; lastKnownFileType = sourcecode.c.h; path = "UIViewController+AutoDissmissAlert.h"; sourceTree = "<group>"; };
		71F5E2431AA4A5C7006E87CF /* UIViewController+AutoDissmissAlert.m */ = {isa = PBXFileReference; fileEncoding = 4; lastKnownFileType = sourcecode.c.objc; path = "UIViewController+AutoDissmissAlert.m"; sourceTree = "<group>"; };
/* End PBXFileReference section */

/* Begin PBXFrameworksBuildPhase section */
		71328A8F17C35FD7007EE533 /* Frameworks */ = {
			isa = PBXFrameworksBuildPhase;
			buildActionMask = 2147483647;
			files = (
				712846AC1A9CCF4200E39958 /* CoreMedia.framework in Frameworks */,
				712846AA1A9CCDF700E39958 /* CoreVideo.framework in Frameworks */,
				712846A41A9CC20400E39958 /* AVFoundation.framework in Frameworks */,
				7134B73019A3C27200BFE754 /* CoreData.framework in Frameworks */,
				7189865A196419C100C26297 /* Accelerate.framework in Frameworks */,
				71364338195C3B93006EF824 /* QuartzCore.framework in Frameworks */,
				71328AFA17C3A5B8007EE533 /* CoreImage.framework in Frameworks */,
				71328AF117C36E92007EE533 /* MobileCoreServices.framework in Frameworks */,
				71328A9617C35FD7007EE533 /* UIKit.framework in Frameworks */,
				71328A9817C35FD7007EE533 /* Foundation.framework in Frameworks */,
				71328A9A17C35FD7007EE533 /* CoreGraphics.framework in Frameworks */,
			);
			runOnlyForDeploymentPostprocessing = 0;
		};
		718AC01B1ACBDD0B00000DB2 /* Frameworks */ = {
			isa = PBXFrameworksBuildPhase;
			buildActionMask = 2147483647;
			files = (
				718AC03D1ACBE1E900000DB2 /* iAd.framework in Frameworks */,
				718AC01C1ACBDD0B00000DB2 /* CoreMedia.framework in Frameworks */,
				718AC01D1ACBDD0B00000DB2 /* CoreVideo.framework in Frameworks */,
				718AC01E1ACBDD0B00000DB2 /* AVFoundation.framework in Frameworks */,
				718AC01F1ACBDD0B00000DB2 /* CoreData.framework in Frameworks */,
				718AC0201ACBDD0B00000DB2 /* Accelerate.framework in Frameworks */,
				718AC0211ACBDD0B00000DB2 /* QuartzCore.framework in Frameworks */,
				718AC0221ACBDD0B00000DB2 /* CoreImage.framework in Frameworks */,
				718AC0231ACBDD0B00000DB2 /* MobileCoreServices.framework in Frameworks */,
				718AC0241ACBDD0B00000DB2 /* UIKit.framework in Frameworks */,
				718AC0251ACBDD0B00000DB2 /* Foundation.framework in Frameworks */,
				718AC0261ACBDD0B00000DB2 /* CoreGraphics.framework in Frameworks */,
			);
			runOnlyForDeploymentPostprocessing = 0;
		};
/* End PBXFrameworksBuildPhase section */

/* Begin PBXGroup section */
		710735A317C49E4200484D21 /* ResultsPage */ = {
			isa = PBXGroup;
			children = (
				714CC3771B05E0C70002F100 /* star-rated.png */,
				714CC3781B05E0C70002F100 /* star-unrated.png */,
				7134B71119A3B3A800BFE754 /* CoreDataTableViewController.h */,
				7134B71219A3B3A800BFE754 /* CoreDataTableViewController.m */,
				710735A017C4981400484D21 /* OKSonuclarViewController.h */,
				710735A117C4981400484D21 /* OKSonuclarViewController.m */,
				710735A417C49E6800484D21 /* OKSonuclarCell.h */,
				710735A517C49E6800484D21 /* OKSonuclarCell.m */,
				7163DB771B04D440000911E1 /* OKResultsTableViewCell.h */,
				7163DB781B04D440000911E1 /* OKResultsTableViewCell.m */,
			);
			name = ResultsPage;
			sourceTree = "<group>";
		};
		712846A51A9CC25300E39958 /* Camera Controller */ = {
			isa = PBXGroup;
			children = (
				712846951A9CC0BE00E39958 /* OKCamViewController.h */,
				712846961A9CC0BE00E39958 /* OKCamViewController.m */,
				712846971A9CC0BE00E39958 /* AVCamPreviewView.h */,
				712846981A9CC0BE00E39958 /* AVCamPreviewView.m */,
				712846991A9CC0BE00E39958 /* switch_camera_white.png */,
				712846A11A9CC18200E39958 /* switch_camera.png */,
				7128469A1A9CC0BE00E39958 /* Untitled-1.png */,
				7128469B1A9CC0BE00E39958 /* overlaygraphic.png */,
			);
			name = "Camera Controller";
			sourceTree = "<group>";
		};
		71328A8917C35FD7007EE533 = {
			isa = PBXGroup;
			children = (
				71328A9B17C35FD7007EE533 /* Sac Boyam */,
				71328A9417C35FD7007EE533 /* Frameworks */,
				71328A9317C35FD7007EE533 /* Products */,
			);
			sourceTree = "<group>";
		};
		71328A9317C35FD7007EE533 /* Products */ = {
			isa = PBXGroup;
			children = (
				71328A9217C35FD7007EE533 /* Saç Boyam.app */,
				718AC0371ACBDD0B00000DB2 /* Saç Boyam Free.app */,
			);
			name = Products;
			sourceTree = "<group>";
		};
		71328A9417C35FD7007EE533 /* Frameworks */ = {
			isa = PBXGroup;
			children = (
				718ABFF41ACBDC7900000DB2 /* iAd.framework */,
				712846AB1A9CCF4200E39958 /* CoreMedia.framework */,
				712846A91A9CCDF700E39958 /* CoreVideo.framework */,
				712846A31A9CC20400E39958 /* AVFoundation.framework */,
				7134B72F19A3C27200BFE754 /* CoreData.framework */,
				71898659196419C100C26297 /* Accelerate.framework */,
				71364337195C3B93006EF824 /* QuartzCore.framework */,
				71328AF917C3A5B8007EE533 /* CoreImage.framework */,
				71328AF017C36E92007EE533 /* MobileCoreServices.framework */,
				71328A9517C35FD7007EE533 /* UIKit.framework */,
				71328A9717C35FD7007EE533 /* Foundation.framework */,
				71328A9917C35FD7007EE533 /* CoreGraphics.framework */,
			);
			name = Frameworks;
			sourceTree = "<group>";
		};
		71328A9B17C35FD7007EE533 /* Sac Boyam */ = {
			isa = PBXGroup;
			children = (
				7134B72519A3B3FE00BFE754 /* CoreData */,
				7189866719645B7B00C26297 /* Utils */,
				71328AF717C38B07007EE533 /* SelectColorPage */,
				712846A51A9CC25300E39958 /* Camera Controller */,
				710735A317C49E4200484D21 /* ResultsPage */,
				713733E819B603FF00542E86 /* Results Detail */,
				713733AA19B5DB4000542E86 /* Settings Page */,
				71EC0EA019F8D13B00A34D2C /* Try On Me Page */,
				71328AA417C35FD7007EE533 /* OKAppDelegate.h */,
				71328AA517C35FD7007EE533 /* OKAppDelegate.m */,
				71899FF41A971C4200150EEF /* OKWelcomeScreemVC.h */,
				71899FF51A971C4200150EEF /* OKWelcomeScreemVC.m */,
				7163DB731B048A51000911E1 /* OKImagePickerViewController.h */,
				7163DB741B048A51000911E1 /* OKImagePickerViewController.m */,
				71328AAD17C35FD7007EE533 /* MainStoryboard_iPhone.storyboard */,
				7193555B19654DFC0040F48D /* ImageAssets.xcassets */,
				71328AC117C365F7007EE533 /* images */,
				71328A9C17C35FD7007EE533 /* Supporting Files */,
				71695311196E64C100C988E5 /* localized.strings */,
			);
			path = "Sac Boyam";
			sourceTree = "<group>";
		};
		71328A9C17C35FD7007EE533 /* Supporting Files */ = {
			isa = PBXGroup;
			children = (
				71328A9D17C35FD7007EE533 /* Saç Boyam-Info.plist */,
				718ABFF31ACBDC0D00000DB2 /* Saç Boyam Free-Info.plist */,
				71328A9E17C35FD7007EE533 /* InfoPlist.strings */,
				71328AA117C35FD7007EE533 /* main.m */,
				71328AA317C35FD7007EE533 /* Saç Boyam-Prefix.pch */,
			);
			name = "Supporting Files";
			sourceTree = "<group>";
		};
		71328AC117C365F7007EE533 /* images */ = {
			isa = PBXGroup;
			children = (
				71CCFB341AEA56A800D19710 /* patt-4.jpg */,
				71A7FF8D1A9E0178005097DC /* home-icon.png */,
				71D002F71A97740800E9FDCE /* search_white_navbar.png */,
				718986651964592B00C26297 /* final_effect_2.png */,
			);
			name = images;
			sourceTree = "<group>";
		};
		71328AF717C38B07007EE533 /* SelectColorPage */ = {
			isa = PBXGroup;
			children = (
				71D002F41A9727AB00E9FDCE /* OKSelectColorVC.h */,
				71D002F51A9727AB00E9FDCE /* OKSelectColorVC.m */,
				718986531963E59400C26297 /* OKZoomView.h */,
				718986541963E59400C26297 /* OKZoomView.m */,
			);
			name = SelectColorPage;
			sourceTree = "<group>";
		};
		7134B72519A3B3FE00BFE754 /* CoreData */ = {
			isa = PBXGroup;
			children = (
				7134B71419A3B3F800BFE754 /* ColorDataModel.xcdatamodel */,
				71840EDF19B84B7800F99868 /* persistentStore */,
				71840EDC19B8454800F99868 /* UserRecordModel.h */,
				71840EDD19B8454800F99868 /* UserRecordModel.m */,
				71840ED919B8454800F99868 /* ColorModel.h */,
				71840EDA19B8454800F99868 /* ColorModel.m */,
				71840ED619B8454600F99868 /* BrandModel.h */,
				71840ED719B8454600F99868 /* BrandModel.m */,
				7134B71919A3B3F800BFE754 /* OKProductType.h */,
				7134B71A19A3B3F800BFE754 /* OKProductType.m */,
				7134B71D19A3B3F800BFE754 /* BrandModel+Create.h */,
				7134B71E19A3B3F800BFE754 /* BrandModel+Create.m */,
				713733B419B5E61100542E86 /* UserRecordModel+Create.h */,
				713733B519B5E61100542E86 /* UserRecordModel+Create.m */,
				7134B71B19A3B3F800BFE754 /* ColorModel+Create.h */,
				7134B71C19A3B3F800BFE754 /* ColorModel+Create.m */,
			);
			name = CoreData;
			sourceTree = "<group>";
		};
		713733AA19B5DB4000542E86 /* Settings Page */ = {
			isa = PBXGroup;
			children = (
				719BCE8A1966F0E9005F575C /* OKSettingsViewController.h */,
				719BCE8B1966F0E9005F575C /* OKSettingsViewController.m */,
				71AE822A1AA5985A009AA806 /* OKSettingsTutorialVC.h */,
				71AE822B1AA5985A009AA806 /* OKSettingsTutorialVC.m */,
			);
			name = "Settings Page";
			sourceTree = "<group>";
		};
		713733E819B603FF00542E86 /* Results Detail */ = {
			isa = PBXGroup;
			children = (
				71328AF217C38162007EE533 /* OKMainViewController.h */,
				71328AF317C38162007EE533 /* OKMainViewController.m */,
			);
			name = "Results Detail";
			sourceTree = "<group>";
		};
		7189866719645B7B00C26297 /* Utils */ = {
			isa = PBXGroup;
			children = (
				719C30E019F7A9C800E938BA /* Bezier Interpolation */,
				7136433B195C5E08006EF824 /* OKUtils.h */,
				7136433C195C5E08006EF824 /* OKUtils.m */,
				712846A61A9CC91400E39958 /* UIColor+HexTool.h */,
				712846A71A9CC91400E39958 /* UIColor+HexTool.m */,
				7134B73119A3C8F900BFE754 /* UIColor+GrayScale.h */,
				7134B73219A3C8F900BFE754 /* UIColor+GrayScale.m */,
				718986561964186500C26297 /* UIImage+ImageEffects.h */,
				718986571964186500C26297 /* UIImage+ImageEffects.m */,
				71ECEF93195AC2A600872EBC /* UIImage+AverageColor.h */,
				71ECEF94195AC2A600872EBC /* UIImage+AverageColor.m */,
				71063757196C0ED100D17D66 /* UIView+CreateImage.h */,
				71063758196C0ED100D17D66 /* UIView+CreateImage.m */,
				71F5E2421AA4A5C7006E87CF /* UIViewController+AutoDissmissAlert.h */,
				71F5E2431AA4A5C7006E87CF /* UIViewController+AutoDissmissAlert.m */,
				7152CB50197557640080898F /* OKProductJsonType.h */,
				7152CB51197557640080898F /* OKProductJsonType.m */,
				711A33911AB700E60082075D /* OKAppRater.h */,
				711A33921AB700E60082075D /* OKAppRater.m */,
				71CCFB401AEA7DFF00D19710 /* UIViewController+MotionEffect.h */,
				71CCFB411AEA7DFF00D19710 /* UIViewController+MotionEffect.m */,
			);
			name = Utils;
			sourceTree = "<group>";
		};
		719C30E019F7A9C800E938BA /* Bezier Interpolation */ = {
			isa = PBXGroup;
			children = (
				719C30D719F7A9C300E938BA /* CRVINTERGraphicsView.h */,
				719C30D819F7A9C300E938BA /* CRVINTERGraphicsView.m */,
				719C30D919F7A9C300E938BA /* CGPointExtension.h */,
				719C30DA19F7A9C300E938BA /* CGPointExtension.m */,
				719C30DB19F7A9C300E938BA /* UIBezierPath+Interpolation.h */,
				719C30DC19F7A9C300E938BA /* UIBezierPath+Interpolation.m */,
			);
			name = "Bezier Interpolation";
			sourceTree = "<group>";
		};
		71EC0EA019F8D13B00A34D2C /* Try On Me Page */ = {
			isa = PBXGroup;
			children = (
				719C30E119F7ACE300E938BA /* TapToPointView.h */,
				719C30E219F7ACE300E938BA /* TapToPointView.m */,
				71D5795A19E5104800E6E2AF /* OKTryOnMeVC.h */,
				71D5795B19E5104800E6E2AF /* OKTryOnMeVC.m */,
			);
			name = "Try On Me Page";
			sourceTree = "<group>";
		};
/* End PBXGroup section */

/* Begin PBXNativeTarget section */
		71328A9117C35FD7007EE533 /* Saç Boyam */ = {
			isa = PBXNativeTarget;
			buildConfigurationList = 71328AB817C35FD7007EE533 /* Build configuration list for PBXNativeTarget "Saç Boyam" */;
			buildPhases = (
				71328A8E17C35FD7007EE533 /* Sources */,
				71328A8F17C35FD7007EE533 /* Frameworks */,
				71328A9017C35FD7007EE533 /* Resources */,
			);
			buildRules = (
			);
			dependencies = (
			);
			name = "Saç Boyam";
			productName = "Sac Boyam";
			productReference = 71328A9217C35FD7007EE533 /* Saç Boyam.app */;
			productType = "com.apple.product-type.application";
		};
		718ABFF61ACBDD0B00000DB2 /* Saç Boyam Free */ = {
			isa = PBXNativeTarget;
			buildConfigurationList = 718AC0341ACBDD0B00000DB2 /* Build configuration list for PBXNativeTarget "Saç Boyam Free" */;
			buildPhases = (
				718ABFF71ACBDD0B00000DB2 /* Sources */,
				718AC01B1ACBDD0B00000DB2 /* Frameworks */,
				718AC0271ACBDD0B00000DB2 /* Resources */,
			);
			buildRules = (
			);
			dependencies = (
			);
			name = "Saç Boyam Free";
			productName = "Sac Boyam";
			productReference = 718AC0371ACBDD0B00000DB2 /* Saç Boyam Free.app */;
			productType = "com.apple.product-type.application";
		};
/* End PBXNativeTarget section */

/* Begin PBXProject section */
		71328A8A17C35FD7007EE533 /* Project object */ = {
			isa = PBXProject;
			attributes = {
				CLASSPREFIX = OK;
				LastUpgradeCheck = 0810;
				ORGANIZATIONNAME = "Oguzhan Katli";
				TargetAttributes = {
					718ABFF61ACBDD0B00000DB2 = {
						DevelopmentTeam = J2YDNSCTAL;
					};
				};
			};
			buildConfigurationList = 71328A8D17C35FD7007EE533 /* Build configuration list for PBXProject "Saç Boyam" */;
			compatibilityVersion = "Xcode 3.2";
			developmentRegion = English;
			hasScannedForEncodings = 0;
			knownRegions = (
				en,
				de,
				fr,
				nl,
				ru,
				tr,
				"zh-Hans",
				"zh-Hant",
			);
			mainGroup = 71328A8917C35FD7007EE533;
			productRefGroup = 71328A9317C35FD7007EE533 /* Products */;
			projectDirPath = "";
			projectRoot = "";
			targets = (
				71328A9117C35FD7007EE533 /* Saç Boyam */,
				718ABFF61ACBDD0B00000DB2 /* Saç Boyam Free */,
			);
		};
/* End PBXProject section */

/* Begin PBXResourcesBuildPhase section */
		71328A9017C35FD7007EE533 /* Resources */ = {
			isa = PBXResourcesBuildPhase;
			buildActionMask = 2147483647;
			files = (
				71328AA017C35FD7007EE533 /* InfoPlist.strings in Resources */,
				71D002F81A97740800E9FDCE /* search_white_navbar.png in Resources */,
				7193555C19654DFC0040F48D /* ImageAssets.xcassets in Resources */,
				71CCFB3C1AEA56A800D19710 /* patt-4.jpg in Resources */,
				71840EE019B84B7800F99868 /* persistentStore in Resources */,
				7128469F1A9CC0BE00E39958 /* Untitled-1.png in Resources */,
				712846A21A9CC18200E39958 /* switch_camera.png in Resources */,
				7169530F196E64C100C988E5 /* localized.strings in Resources */,
				714CC3791B05E0C70002F100 /* star-rated.png in Resources */,
				718986661964592B00C26297 /* final_effect_2.png in Resources */,
				714CC37B1B05E0C70002F100 /* star-unrated.png in Resources */,
				71328AAF17C35FD7007EE533 /* MainStoryboard_iPhone.storyboard in Resources */,
				712846A01A9CC0BE00E39958 /* overlaygraphic.png in Resources */,
				7128469E1A9CC0BE00E39958 /* switch_camera_white.png in Resources */,
				71A7FF8E1A9E0178005097DC /* home-icon.png in Resources */,
			);
			runOnlyForDeploymentPostprocessing = 0;
		};
		718AC0271ACBDD0B00000DB2 /* Resources */ = {
			isa = PBXResourcesBuildPhase;
			buildActionMask = 2147483647;
			files = (
				718AC0281ACBDD0B00000DB2 /* InfoPlist.strings in Resources */,
				718AC0291ACBDD0B00000DB2 /* search_white_navbar.png in Resources */,
				718AC02A1ACBDD0B00000DB2 /* ImageAssets.xcassets in Resources */,
				71CCFB3D1AEA56A800D19710 /* patt-4.jpg in Resources */,
				718AC02B1ACBDD0B00000DB2 /* persistentStore in Resources */,
				718AC02C1ACBDD0B00000DB2 /* Untitled-1.png in Resources */,
				718AC02D1ACBDD0B00000DB2 /* switch_camera.png in Resources */,
				718AC02E1ACBDD0B00000DB2 /* localized.strings in Resources */,
				714CC37A1B05E0C70002F100 /* star-rated.png in Resources */,
				718AC02F1ACBDD0B00000DB2 /* final_effect_2.png in Resources */,
				714CC37C1B05E0C70002F100 /* star-unrated.png in Resources */,
				718AC0301ACBDD0B00000DB2 /* MainStoryboard_iPhone.storyboard in Resources */,
				718AC0311ACBDD0B00000DB2 /* overlaygraphic.png in Resources */,
				718AC0321ACBDD0B00000DB2 /* switch_camera_white.png in Resources */,
				718AC0331ACBDD0B00000DB2 /* home-icon.png in Resources */,
			);
			runOnlyForDeploymentPostprocessing = 0;
		};
/* End PBXResourcesBuildPhase section */

/* Begin PBXSourcesBuildPhase section */
		71328A8E17C35FD7007EE533 /* Sources */ = {
			isa = PBXSourcesBuildPhase;
			buildActionMask = 2147483647;
			files = (
				719C30DD19F7A9C300E938BA /* CRVINTERGraphicsView.m in Sources */,
				718986551963E59400C26297 /* OKZoomView.m in Sources */,
				71D5795C19E5104800E6E2AF /* OKTryOnMeVC.m in Sources */,
				7134B72219A3B3F800BFE754 /* OKProductType.m in Sources */,
				7134B72419A3B3F800BFE754 /* BrandModel+Create.m in Sources */,
				71AE822C1AA5985A009AA806 /* OKSettingsTutorialVC.m in Sources */,
				71899FF61A971C4200150EEF /* OKWelcomeScreemVC.m in Sources */,
				719C30DE19F7A9C300E938BA /* CGPointExtension.m in Sources */,
				71D002F61A9727AC00E9FDCE /* OKSelectColorVC.m in Sources */,
				71840EDE19B8454800F99868 /* UserRecordModel.m in Sources */,
				71840ED819B8454600F99868 /* BrandModel.m in Sources */,
				719BCE8C1966F0E9005F575C /* OKSettingsViewController.m in Sources */,
				7128469C1A9CC0BE00E39958 /* OKCamViewController.m in Sources */,
				713733B619B5E61100542E86 /* UserRecordModel+Create.m in Sources */,
				71328AA217C35FD7007EE533 /* main.m in Sources */,
				7134B71319A3B3A800BFE754 /* CoreDataTableViewController.m in Sources */,
				7134B73319A3C8F900BFE754 /* UIColor+GrayScale.m in Sources */,
				71840EDB19B8454800F99868 /* ColorModel.m in Sources */,
				7152CB52197557640080898F /* OKProductJsonType.m in Sources */,
				711A33931AB700E60082075D /* OKAppRater.m in Sources */,
				7163DB751B048A51000911E1 /* OKImagePickerViewController.m in Sources */,
				7136433D195C5E08006EF824 /* OKUtils.m in Sources */,
				71328AA617C35FD7007EE533 /* OKAppDelegate.m in Sources */,
				7128469D1A9CC0BE00E39958 /* AVCamPreviewView.m in Sources */,
				71F5E2441AA4A5C7006E87CF /* UIViewController+AutoDissmissAlert.m in Sources */,
				719C30E319F7ACE300E938BA /* TapToPointView.m in Sources */,
				7163DB791B04D440000911E1 /* OKResultsTableViewCell.m in Sources */,
				71CCFB421AEA7DFF00D19710 /* UIViewController+MotionEffect.m in Sources */,
				7134B72319A3B3F800BFE754 /* ColorModel+Create.m in Sources */,
				719C30DF19F7A9C300E938BA /* UIBezierPath+Interpolation.m in Sources */,
				71328AF417C38162007EE533 /* OKMainViewController.m in Sources */,
				718986581964186500C26297 /* UIImage+ImageEffects.m in Sources */,
				71063759196C0ED100D17D66 /* UIView+CreateImage.m in Sources */,
				71ECEF95195AC2A600872EBC /* UIImage+AverageColor.m in Sources */,
				7134B71F19A3B3F800BFE754 /* ColorDataModel.xcdatamodel in Sources */,
				710735A217C4981400484D21 /* OKSonuclarViewController.m in Sources */,
				710735A617C49E6800484D21 /* OKSonuclarCell.m in Sources */,
				712846A81A9CC91400E39958 /* UIColor+HexTool.m in Sources */,
			);
			runOnlyForDeploymentPostprocessing = 0;
		};
		718ABFF71ACBDD0B00000DB2 /* Sources */ = {
			isa = PBXSourcesBuildPhase;
			buildActionMask = 2147483647;
			files = (
				718ABFF81ACBDD0B00000DB2 /* CRVINTERGraphicsView.m in Sources */,
				718ABFF91ACBDD0B00000DB2 /* OKZoomView.m in Sources */,
				718ABFFA1ACBDD0B00000DB2 /* OKTryOnMeVC.m in Sources */,
				718ABFFB1ACBDD0B00000DB2 /* OKProductType.m in Sources */,
				718ABFFC1ACBDD0B00000DB2 /* BrandModel+Create.m in Sources */,
				718ABFFD1ACBDD0B00000DB2 /* OKSettingsTutorialVC.m in Sources */,
				718ABFFE1ACBDD0B00000DB2 /* OKWelcomeScreemVC.m in Sources */,
				718ABFFF1ACBDD0B00000DB2 /* CGPointExtension.m in Sources */,
				718AC0001ACBDD0B00000DB2 /* OKSelectColorVC.m in Sources */,
				718AC0011ACBDD0B00000DB2 /* UserRecordModel.m in Sources */,
				718AC0021ACBDD0B00000DB2 /* BrandModel.m in Sources */,
				718AC0031ACBDD0B00000DB2 /* OKSettingsViewController.m in Sources */,
				718AC0041ACBDD0B00000DB2 /* OKCamViewController.m in Sources */,
				718AC0051ACBDD0B00000DB2 /* UserRecordModel+Create.m in Sources */,
				718AC0061ACBDD0B00000DB2 /* main.m in Sources */,
				718AC0071ACBDD0B00000DB2 /* CoreDataTableViewController.m in Sources */,
				718AC0081ACBDD0B00000DB2 /* UIColor+GrayScale.m in Sources */,
				718AC0091ACBDD0B00000DB2 /* ColorModel.m in Sources */,
				718AC00A1ACBDD0B00000DB2 /* OKProductJsonType.m in Sources */,
				718AC00B1ACBDD0B00000DB2 /* OKAppRater.m in Sources */,
				7163DB761B048A51000911E1 /* OKImagePickerViewController.m in Sources */,
				718AC00C1ACBDD0B00000DB2 /* OKUtils.m in Sources */,
				718AC00D1ACBDD0B00000DB2 /* OKAppDelegate.m in Sources */,
				718AC00E1ACBDD0B00000DB2 /* AVCamPreviewView.m in Sources */,
				718AC00F1ACBDD0B00000DB2 /* UIViewController+AutoDissmissAlert.m in Sources */,
				718AC0101ACBDD0B00000DB2 /* TapToPointView.m in Sources */,
				7163DB7A1B04D440000911E1 /* OKResultsTableViewCell.m in Sources */,
				71CCFB431AEA7DFF00D19710 /* UIViewController+MotionEffect.m in Sources */,
				718AC0111ACBDD0B00000DB2 /* ColorModel+Create.m in Sources */,
				718AC0121ACBDD0B00000DB2 /* UIBezierPath+Interpolation.m in Sources */,
				718AC0131ACBDD0B00000DB2 /* OKMainViewController.m in Sources */,
				718AC0141ACBDD0B00000DB2 /* UIImage+ImageEffects.m in Sources */,
				718AC0151ACBDD0B00000DB2 /* UIView+CreateImage.m in Sources */,
				718AC0161ACBDD0B00000DB2 /* UIImage+AverageColor.m in Sources */,
				718AC0171ACBDD0B00000DB2 /* ColorDataModel.xcdatamodel in Sources */,
				718AC0181ACBDD0B00000DB2 /* OKSonuclarViewController.m in Sources */,
				718AC0191ACBDD0B00000DB2 /* OKSonuclarCell.m in Sources */,
				718AC01A1ACBDD0B00000DB2 /* UIColor+HexTool.m in Sources */,
			);
			runOnlyForDeploymentPostprocessing = 0;
		};
/* End PBXSourcesBuildPhase section */

/* Begin PBXVariantGroup section */
		71328A9E17C35FD7007EE533 /* InfoPlist.strings */ = {
			isa = PBXVariantGroup;
			children = (
				71328A9F17C35FD7007EE533 /* en */,
				713733ED19B70F0500542E86 /* tr */,
			);
			name = InfoPlist.strings;
			sourceTree = "<group>";
		};
		71328AAD17C35FD7007EE533 /* MainStoryboard_iPhone.storyboard */ = {
			isa = PBXVariantGroup;
			children = (
				7150A55E19B4A1AB00597373 /* en */,
				7163849C1AAEE8B7001AD4CF /* tr */,
			);
			name = MainStoryboard_iPhone.storyboard;
			sourceTree = "<group>";
		};
		71695311196E64C100C988E5 /* localized.strings */ = {
			isa = PBXVariantGroup;
			children = (
				71695310196E64C100C988E5 /* en */,
				713733EE19B70F0500542E86 /* tr */,
			);
			name = localized.strings;
			sourceTree = "<group>";
		};
/* End PBXVariantGroup section */

/* Begin XCBuildConfiguration section */
		71328AB617C35FD7007EE533 /* Debug */ = {
			isa = XCBuildConfiguration;
			buildSettings = {
				ALWAYS_SEARCH_USER_PATHS = NO;
				CLANG_ANALYZER_LOCALIZABILITY_NONLOCALIZED = YES;
				CLANG_CXX_LANGUAGE_STANDARD = "gnu++0x";
				CLANG_CXX_LIBRARY = "libc++";
				CLANG_ENABLE_OBJC_ARC = YES;
				CLANG_WARN_BOOL_CONVERSION = YES;
				CLANG_WARN_CONSTANT_CONVERSION = YES;
				CLANG_WARN_EMPTY_BODY = YES;
				CLANG_WARN_ENUM_CONVERSION = YES;
				CLANG_WARN_INFINITE_RECURSION = YES;
				CLANG_WARN_INT_CONVERSION = YES;
				CLANG_WARN_SUSPICIOUS_MOVE = YES;
				CLANG_WARN_UNREACHABLE_CODE = YES;
				CLANG_WARN__DUPLICATE_METHOD_MATCH = YES;
				"CODE_SIGN_IDENTITY[sdk=iphoneos*]" = "iPhone Developer";
				COPY_PHASE_STRIP = NO;
				ENABLE_STRICT_OBJC_MSGSEND = YES;
				ENABLE_TESTABILITY = YES;
				GCC_C_LANGUAGE_STANDARD = gnu99;
				GCC_DYNAMIC_NO_PIC = NO;
				GCC_NO_COMMON_BLOCKS = YES;
				GCC_OPTIMIZATION_LEVEL = 0;
				GCC_PREPROCESSOR_DEFINITIONS = (
					"DEBUG=1",
					"$(inherited)",
				);
				GCC_SYMBOLS_PRIVATE_EXTERN = NO;
				GCC_WARN_64_TO_32_BIT_CONVERSION = YES;
				GCC_WARN_ABOUT_RETURN_TYPE = YES;
				GCC_WARN_UNDECLARED_SELECTOR = YES;
				GCC_WARN_UNINITIALIZED_AUTOS = YES;
				GCC_WARN_UNUSED_FUNCTION = YES;
				GCC_WARN_UNUSED_VARIABLE = YES;
				IPHONEOS_DEPLOYMENT_TARGET = 9.1;
				ONLY_ACTIVE_ARCH = YES;
				OTHER_CFLAGS = "";
				SDKROOT = iphoneos;
				TARGETED_DEVICE_FAMILY = "1,2";
			};
			name = Debug;
		};
		71328AB717C35FD7007EE533 /* Release */ = {
			isa = XCBuildConfiguration;
			buildSettings = {
				ALWAYS_SEARCH_USER_PATHS = NO;
				CLANG_ANALYZER_LOCALIZABILITY_NONLOCALIZED = YES;
				CLANG_CXX_LANGUAGE_STANDARD = "gnu++0x";
				CLANG_CXX_LIBRARY = "libc++";
				CLANG_ENABLE_OBJC_ARC = YES;
				CLANG_WARN_BOOL_CONVERSION = YES;
				CLANG_WARN_CONSTANT_CONVERSION = YES;
				CLANG_WARN_EMPTY_BODY = YES;
				CLANG_WARN_ENUM_CONVERSION = YES;
				CLANG_WARN_INFINITE_RECURSION = YES;
				CLANG_WARN_INT_CONVERSION = YES;
				CLANG_WARN_SUSPICIOUS_MOVE = YES;
				CLANG_WARN_UNREACHABLE_CODE = YES;
				CLANG_WARN__DUPLICATE_METHOD_MATCH = YES;
				"CODE_SIGN_IDENTITY[sdk=iphoneos*]" = "iPhone Distribution";
				COPY_PHASE_STRIP = YES;
				ENABLE_STRICT_OBJC_MSGSEND = YES;
				GCC_C_LANGUAGE_STANDARD = gnu99;
				GCC_NO_COMMON_BLOCKS = YES;
				GCC_WARN_64_TO_32_BIT_CONVERSION = YES;
				GCC_WARN_ABOUT_RETURN_TYPE = YES;
				GCC_WARN_UNDECLARED_SELECTOR = YES;
				GCC_WARN_UNINITIALIZED_AUTOS = YES;
				GCC_WARN_UNUSED_FUNCTION = YES;
				GCC_WARN_UNUSED_VARIABLE = YES;
				IPHONEOS_DEPLOYMENT_TARGET = 9.1;
				OTHER_CFLAGS = "-DNS_BLOCK_ASSERTIONS=1";
				"OTHER_CFLAGS[arch=*]" = "";
				SDKROOT = iphoneos;
				TARGETED_DEVICE_FAMILY = "1,2";
				VALIDATE_PRODUCT = YES;
			};
			name = Release;
		};
		71328AB917C35FD7007EE533 /* Debug */ = {
			isa = XCBuildConfiguration;
			buildSettings = {
				ASSETCATALOG_COMPILER_APPICON_NAME = AppIcon;
				ASSETCATALOG_COMPILER_LAUNCHIMAGE_NAME = LaunchImage;
				CODE_SIGN_IDENTITY = "iPhone Developer";
				"CODE_SIGN_IDENTITY[sdk=iphoneos*]" = "iPhone Developer";
				DEVELOPMENT_TEAM = "";
				GCC_PRECOMPILE_PREFIX_HEADER = YES;
				GCC_PREFIX_HEADER = "Sac Boyam/Saç Boyam-Prefix.pch";
				INFOPLIST_FILE = "Sac Boyam/Saç Boyam-Info.plist";
				IPHONEOS_DEPLOYMENT_TARGET = 9.1;
				PRODUCT_BUNDLE_IDENTIFIER = "ogzhnktl.${PRODUCT_NAME:rfc1034identifier}";
				PRODUCT_NAME = "Saç Boyam";
				PROVISIONING_PROFILE = "";
				TARGETED_DEVICE_FAMILY = 1;
				WRAPPER_EXTENSION = app;
			};
			name = Debug;
		};
		71328ABA17C35FD7007EE533 /* Release */ = {
			isa = XCBuildConfiguration;
			buildSettings = {
				ASSETCATALOG_COMPILER_APPICON_NAME = AppIcon;
				ASSETCATALOG_COMPILER_LAUNCHIMAGE_NAME = LaunchImage;
				CODE_SIGN_IDENTITY = "iPhone Developer";
				"CODE_SIGN_IDENTITY[sdk=iphoneos*]" = "iPhone Developer";
				DEVELOPMENT_TEAM = "";
				GCC_PRECOMPILE_PREFIX_HEADER = YES;
				GCC_PREFIX_HEADER = "Sac Boyam/Saç Boyam-Prefix.pch";
				INFOPLIST_FILE = "Sac Boyam/Saç Boyam-Info.plist";
				IPHONEOS_DEPLOYMENT_TARGET = 9.1;
				PRODUCT_BUNDLE_IDENTIFIER = "ogzhnktl.${PRODUCT_NAME:rfc1034identifier}";
				PRODUCT_NAME = "Saç Boyam";
				PROVISIONING_PROFILE = "";
				TARGETED_DEVICE_FAMILY = 1;
				WRAPPER_EXTENSION = app;
			};
			name = Release;
		};
		718AC0351ACBDD0B00000DB2 /* Debug */ = {
			isa = XCBuildConfiguration;
			buildSettings = {
				ASSETCATALOG_COMPILER_APPICON_NAME = "AppIcon-Free";
				ASSETCATALOG_COMPILER_LAUNCHIMAGE_NAME = LaunchImage;
				CODE_SIGN_IDENTITY = "iPhone Developer";
				"CODE_SIGN_IDENTITY[sdk=iphoneos*]" = "iPhone Developer";
				GCC_PRECOMPILE_PREFIX_HEADER = YES;
				GCC_PREFIX_HEADER = "Sac Boyam/Saç Boyam-Prefix.pch";
				INFOPLIST_FILE = "Saç Boyam Free-Info.plist";
				IPHONEOS_DEPLOYMENT_TARGET = 9.1;
				"OTHER_CFLAGS[arch=*]" = "-DLITE_VERSION=1";
				PRODUCT_BUNDLE_IDENTIFIER = "ogzhnktl.$(PRODUCT_NAME:rfc1034identifier)";
				PRODUCT_NAME = "Saç Boyam Free";
				PROVISIONING_PROFILE = "";
				TARGETED_DEVICE_FAMILY = 1;
				WRAPPER_EXTENSION = app;
			};
			name = Debug;
		};
		718AC0361ACBDD0B00000DB2 /* Release */ = {
			isa = XCBuildConfiguration;
			buildSettings = {
				ASSETCATALOG_COMPILER_APPICON_NAME = "AppIcon-Free";
				ASSETCATALOG_COMPILER_LAUNCHIMAGE_NAME = LaunchImage;
				CODE_SIGN_IDENTITY = "iPhone Developer";
				"CODE_SIGN_IDENTITY[sdk=iphoneos*]" = "iPhone Developer";
				GCC_PRECOMPILE_PREFIX_HEADER = YES;
				GCC_PREFIX_HEADER = "Sac Boyam/Saç Boyam-Prefix.pch";
				INFOPLIST_FILE = "Saç Boyam Free-Info.plist";
				IPHONEOS_DEPLOYMENT_TARGET = 9.1;
				"OTHER_CFLAGS[arch=*]" = (
					"-DNS_BLOCK_ASSERTIONS=1",
					"-DLITE_VERSION=1",
				);
				PRODUCT_BUNDLE_IDENTIFIER = "ogzhnktl.$(PRODUCT_NAME:rfc1034identifier)";
				PRODUCT_NAME = "Saç Boyam Free";
				PROVISIONING_PROFILE = "";
				TARGETED_DEVICE_FAMILY = 1;
				WRAPPER_EXTENSION = app;
			};
			name = Release;
		};
/* End XCBuildConfiguration section */

/* Begin XCConfigurationList section */
		71328A8D17C35FD7007EE533 /* Build configuration list for PBXProject "Saç Boyam" */ = {
			isa = XCConfigurationList;
			buildConfigurations = (
				71328AB617C35FD7007EE533 /* Debug */,
				71328AB717C35FD7007EE533 /* Release */,
			);
			defaultConfigurationIsVisible = 0;
			defaultConfigurationName = Release;
		};
		71328AB817C35FD7007EE533 /* Build configuration list for PBXNativeTarget "Saç Boyam" */ = {
			isa = XCConfigurationList;
			buildConfigurations = (
				71328AB917C35FD7007EE533 /* Debug */,
				71328ABA17C35FD7007EE533 /* Release */,
			);
			defaultConfigurationIsVisible = 0;
			defaultConfigurationName = Release;
		};
		718AC0341ACBDD0B00000DB2 /* Build configuration list for PBXNativeTarget "Saç Boyam Free" */ = {
			isa = XCConfigurationList;
			buildConfigurations = (
				718AC0351ACBDD0B00000DB2 /* Debug */,
				718AC0361ACBDD0B00000DB2 /* Release */,
			);
			defaultConfigurationIsVisible = 0;
			defaultConfigurationName = Release;
		};
/* End XCConfigurationList section */
	};
	rootObject = 71328A8A17C35FD7007EE533 /* Project object */;
}
