// !$*UTF8*$!
{
	archiveVersion = 1;
	classes = {
	};
	objectVersion = 46;
	objects = {

/* Begin PBXBuildFile section */
		71063759196C0ED100D17D66 /* UIView+CreateImage.m in Sources */ = {isa = PBXBuildFile; fileRef = 71063758196C0ED100D17D66 /* UIView+CreateImage.m */; };
		710735A217C4981400484D21 /* OKSonuclarViewController.m in Sources */ = {isa = PBXBuildFile; fileRef = 710735A117C4981400484D21 /* OKSonuclarViewController.m */; };
		710735A617C49E6800484D21 /* OKSonuclarCell.m in Sources */ = {isa = PBXBuildFile; fileRef = 710735A517C49E6800484D21 /* OKSonuclarCell.m */; };
		71328A9617C35FD7007EE533 /* UIKit.framework in Frameworks */ = {isa = PBXBuildFile; fileRef = 71328A9517C35FD7007EE533 /* UIKit.framework */; };
		71328A9817C35FD7007EE533 /* Foundation.framework in Frameworks */ = {isa = PBXBuildFile; fileRef = 71328A9717C35FD7007EE533 /* Foundation.framework */; };
		71328A9A17C35FD7007EE533 /* CoreGraphics.framework in Frameworks */ = {isa = PBXBuildFile; fileRef = 71328A9917C35FD7007EE533 /* CoreGraphics.framework */; };
		71328AA017C35FD7007EE533 /* InfoPlist.strings in Resources */ = {isa = PBXBuildFile; fileRef = 71328A9E17C35FD7007EE533 /* InfoPlist.strings */; };
		71328AA217C35FD7007EE533 /* main.m in Sources */ = {isa = PBXBuildFile; fileRef = 71328AA117C35FD7007EE533 /* main.m */; };
		71328AA617C35FD7007EE533 /* OKAppDelegate.m in Sources */ = {isa = PBXBuildFile; fileRef = 71328AA517C35FD7007EE533 /* OKAppDelegate.m */; };
		71328AA817C35FD7007EE533 /* Default.png in Resources */ = {isa = PBXBuildFile; fileRef = 71328AA717C35FD7007EE533 /* Default.png */; };
		71328AAA17C35FD7007EE533 /* Default@2x.png in Resources */ = {isa = PBXBuildFile; fileRef = 71328AA917C35FD7007EE533 /* Default@2x.png */; };
		71328AAC17C35FD7007EE533 /* Default-568h@2x.png in Resources */ = {isa = PBXBuildFile; fileRef = 71328AAB17C35FD7007EE533 /* Default-568h@2x.png */; };
		71328AAF17C35FD7007EE533 /* MainStoryboard_iPhone.storyboard in Resources */ = {isa = PBXBuildFile; fileRef = 71328AAD17C35FD7007EE533 /* MainStoryboard_iPhone.storyboard */; };
		71328AB517C35FD7007EE533 /* OKViewController.m in Sources */ = {isa = PBXBuildFile; fileRef = 71328AB417C35FD7007EE533 /* OKViewController.m */; };
		71328ABF17C365F3007EE533 /* derpette_brown.png in Resources */ = {isa = PBXBuildFile; fileRef = 71328ABD17C365F3007EE533 /* derpette_brown.png */; };
		71328AC017C365F3007EE533 /* derpette_blond.png in Resources */ = {isa = PBXBuildFile; fileRef = 71328ABE17C365F3007EE533 /* derpette_blond.png */; };
		71328AF117C36E92007EE533 /* MobileCoreServices.framework in Frameworks */ = {isa = PBXBuildFile; fileRef = 71328AF017C36E92007EE533 /* MobileCoreServices.framework */; };
		71328AF417C38162007EE533 /* OKMainViewController.m in Sources */ = {isa = PBXBuildFile; fileRef = 71328AF317C38162007EE533 /* OKMainViewController.m */; };
		71328AF817C38BA5007EE533 /* MyCutomView.m in Sources */ = {isa = PBXBuildFile; fileRef = 71328AF617C38ADB007EE533 /* MyCutomView.m */; };
		71328AFA17C3A5B8007EE533 /* CoreImage.framework in Frameworks */ = {isa = PBXBuildFile; fileRef = 71328AF917C3A5B8007EE533 /* CoreImage.framework */; };
		7134B71319A3B3A800BFE754 /* CoreDataTableViewController.m in Sources */ = {isa = PBXBuildFile; fileRef = 7134B71219A3B3A800BFE754 /* CoreDataTableViewController.m */; };
		7134B71F19A3B3F800BFE754 /* ColorDataModel.xcdatamodel in Sources */ = {isa = PBXBuildFile; fileRef = 7134B71419A3B3F800BFE754 /* ColorDataModel.xcdatamodel */; };
		7134B72219A3B3F800BFE754 /* OKProductType.m in Sources */ = {isa = PBXBuildFile; fileRef = 7134B71A19A3B3F800BFE754 /* OKProductType.m */; };
		7134B72319A3B3F800BFE754 /* ColorModel+Create.m in Sources */ = {isa = PBXBuildFile; fileRef = 7134B71C19A3B3F800BFE754 /* ColorModel+Create.m */; };
		7134B72419A3B3F800BFE754 /* BrandModel+Create.m in Sources */ = {isa = PBXBuildFile; fileRef = 7134B71E19A3B3F800BFE754 /* BrandModel+Create.m */; };
		7134B73019A3C27200BFE754 /* CoreData.framework in Frameworks */ = {isa = PBXBuildFile; fileRef = 7134B72F19A3C27200BFE754 /* CoreData.framework */; };
		7134B73319A3C8F900BFE754 /* UIColor+GrayScale.m in Sources */ = {isa = PBXBuildFile; fileRef = 7134B73219A3C8F900BFE754 /* UIColor+GrayScale.m */; };
		71364338195C3B93006EF824 /* QuartzCore.framework in Frameworks */ = {isa = PBXBuildFile; fileRef = 71364337195C3B93006EF824 /* QuartzCore.framework */; };
		7136433A195C4E3F006EF824 /* sacli.png in Resources */ = {isa = PBXBuildFile; fileRef = 71364339195C4E3F006EF824 /* sacli.png */; };
		7136433D195C5E08006EF824 /* OKUtils.m in Sources */ = {isa = PBXBuildFile; fileRef = 7136433C195C5E08006EF824 /* OKUtils.m */; };
		713733B619B5E61100542E86 /* UserRecordModel+Create.m in Sources */ = {isa = PBXBuildFile; fileRef = 713733B519B5E61100542E86 /* UserRecordModel+Create.m */; };
		7152CB4F19741B330080898F /* OKWaitForResultsVC.m in Sources */ = {isa = PBXBuildFile; fileRef = 7152CB4E19741B330080898F /* OKWaitForResultsVC.m */; };
		7152CB52197557640080898F /* OKProductJsonType.m in Sources */ = {isa = PBXBuildFile; fileRef = 7152CB51197557640080898F /* OKProductJsonType.m */; };
		7169530A196E646700C988E5 /* FDTake.strings in Resources */ = {isa = PBXBuildFile; fileRef = 7169530C196E646700C988E5 /* FDTake.strings */; };
		7169530F196E64C100C988E5 /* localized.strings in Resources */ = {isa = PBXBuildFile; fileRef = 71695311196E64C100C988E5 /* localized.strings */; };
		71840ED819B8454600F99868 /* BrandModel.m in Sources */ = {isa = PBXBuildFile; fileRef = 71840ED719B8454600F99868 /* BrandModel.m */; };
		71840EDB19B8454800F99868 /* ColorModel.m in Sources */ = {isa = PBXBuildFile; fileRef = 71840EDA19B8454800F99868 /* ColorModel.m */; };
		71840EDE19B8454800F99868 /* UserRecordModel.m in Sources */ = {isa = PBXBuildFile; fileRef = 71840EDD19B8454800F99868 /* UserRecordModel.m */; };
		71840EE019B84B7800F99868 /* persistentStore in Resources */ = {isa = PBXBuildFile; fileRef = 71840EDF19B84B7800F99868 /* persistentStore */; };
		718986551963E59400C26297 /* OKZoomView.m in Sources */ = {isa = PBXBuildFile; fileRef = 718986541963E59400C26297 /* OKZoomView.m */; };
		718986581964186500C26297 /* UIImage+ImageEffects.m in Sources */ = {isa = PBXBuildFile; fileRef = 718986571964186500C26297 /* UIImage+ImageEffects.m */; };
		7189865A196419C100C26297 /* Accelerate.framework in Frameworks */ = {isa = PBXBuildFile; fileRef = 71898659196419C100C26297 /* Accelerate.framework */; };
		718986661964592B00C26297 /* final_effect_2.png in Resources */ = {isa = PBXBuildFile; fileRef = 718986651964592B00C26297 /* final_effect_2.png */; };
		7193555C19654DFC0040F48D /* ImageAssets.xcassets in Resources */ = {isa = PBXBuildFile; fileRef = 7193555B19654DFC0040F48D /* ImageAssets.xcassets */; };
		719BCE8C1966F0E9005F575C /* OKSettingsViewController.m in Sources */ = {isa = PBXBuildFile; fileRef = 719BCE8B1966F0E9005F575C /* OKSettingsViewController.m */; };
		71ECEF91195ABB3400872EBC /* FDTakeController.m in Sources */ = {isa = PBXBuildFile; fileRef = 71ECEF90195ABB3400872EBC /* FDTakeController.m */; };
		71ECEF95195AC2A600872EBC /* UIImage+AverageColor.m in Sources */ = {isa = PBXBuildFile; fileRef = 71ECEF94195AC2A600872EBC /* UIImage+AverageColor.m */; };
/* End PBXBuildFile section */

/* Begin PBXFileReference section */
		71063757196C0ED100D17D66 /* UIView+CreateImage.h */ = {isa = PBXFileReference; fileEncoding = 4; lastKnownFileType = sourcecode.c.h; path = "UIView+CreateImage.h"; sourceTree = "<group>"; };
		71063758196C0ED100D17D66 /* UIView+CreateImage.m */ = {isa = PBXFileReference; fileEncoding = 4; lastKnownFileType = sourcecode.c.objc; path = "UIView+CreateImage.m"; sourceTree = "<group>"; };
		710735A017C4981400484D21 /* OKSonuclarViewController.h */ = {isa = PBXFileReference; fileEncoding = 4; lastKnownFileType = sourcecode.c.h; path = OKSonuclarViewController.h; sourceTree = "<group>"; };
		710735A117C4981400484D21 /* OKSonuclarViewController.m */ = {isa = PBXFileReference; fileEncoding = 4; lastKnownFileType = sourcecode.c.objc; path = OKSonuclarViewController.m; sourceTree = "<group>"; };
		710735A417C49E6800484D21 /* OKSonuclarCell.h */ = {isa = PBXFileReference; fileEncoding = 4; lastKnownFileType = sourcecode.c.h; path = OKSonuclarCell.h; sourceTree = "<group>"; };
		710735A517C49E6800484D21 /* OKSonuclarCell.m */ = {isa = PBXFileReference; fileEncoding = 4; lastKnownFileType = sourcecode.c.objc; path = OKSonuclarCell.m; sourceTree = "<group>"; };
		71328A9217C35FD7007EE533 /* Sac Boyam.app */ = {isa = PBXFileReference; explicitFileType = wrapper.application; includeInIndex = 0; path = "Sac Boyam.app"; sourceTree = BUILT_PRODUCTS_DIR; };
		71328A9517C35FD7007EE533 /* UIKit.framework */ = {isa = PBXFileReference; lastKnownFileType = wrapper.framework; name = UIKit.framework; path = System/Library/Frameworks/UIKit.framework; sourceTree = SDKROOT; };
		71328A9717C35FD7007EE533 /* Foundation.framework */ = {isa = PBXFileReference; lastKnownFileType = wrapper.framework; name = Foundation.framework; path = System/Library/Frameworks/Foundation.framework; sourceTree = SDKROOT; };
		71328A9917C35FD7007EE533 /* CoreGraphics.framework */ = {isa = PBXFileReference; lastKnownFileType = wrapper.framework; name = CoreGraphics.framework; path = System/Library/Frameworks/CoreGraphics.framework; sourceTree = SDKROOT; };
		71328A9D17C35FD7007EE533 /* Sac Boyam-Info.plist */ = {isa = PBXFileReference; lastKnownFileType = text.plist.xml; path = "Sac Boyam-Info.plist"; sourceTree = "<group>"; };
		71328A9F17C35FD7007EE533 /* en */ = {isa = PBXFileReference; lastKnownFileType = text.plist.strings; name = en; path = en.lproj/InfoPlist.strings; sourceTree = "<group>"; };
		71328AA117C35FD7007EE533 /* main.m */ = {isa = PBXFileReference; lastKnownFileType = sourcecode.c.objc; path = main.m; sourceTree = "<group>"; };
		71328AA317C35FD7007EE533 /* Sac Boyam-Prefix.pch */ = {isa = PBXFileReference; lastKnownFileType = sourcecode.c.h; path = "Sac Boyam-Prefix.pch"; sourceTree = "<group>"; };
		71328AA417C35FD7007EE533 /* OKAppDelegate.h */ = {isa = PBXFileReference; lastKnownFileType = sourcecode.c.h; path = OKAppDelegate.h; sourceTree = "<group>"; };
		71328AA517C35FD7007EE533 /* OKAppDelegate.m */ = {isa = PBXFileReference; lastKnownFileType = sourcecode.c.objc; path = OKAppDelegate.m; sourceTree = "<group>"; };
		71328AA717C35FD7007EE533 /* Default.png */ = {isa = PBXFileReference; lastKnownFileType = image.png; path = Default.png; sourceTree = "<group>"; };
		71328AA917C35FD7007EE533 /* Default@2x.png */ = {isa = PBXFileReference; lastKnownFileType = image.png; path = "Default@2x.png"; sourceTree = "<group>"; };
		71328AAB17C35FD7007EE533 /* Default-568h@2x.png */ = {isa = PBXFileReference; lastKnownFileType = image.png; path = "Default-568h@2x.png"; sourceTree = "<group>"; };
		71328AB317C35FD7007EE533 /* OKViewController.h */ = {isa = PBXFileReference; lastKnownFileType = sourcecode.c.h; path = OKViewController.h; sourceTree = "<group>"; };
		71328AB417C35FD7007EE533 /* OKViewController.m */ = {isa = PBXFileReference; lastKnownFileType = sourcecode.c.objc; path = OKViewController.m; sourceTree = "<group>"; };
		71328ABD17C365F3007EE533 /* derpette_brown.png */ = {isa = PBXFileReference; lastKnownFileType = image.png; name = derpette_brown.png; path = img/derpette_brown.png; sourceTree = "<group>"; };
		71328ABE17C365F3007EE533 /* derpette_blond.png */ = {isa = PBXFileReference; lastKnownFileType = image.png; name = derpette_blond.png; path = img/derpette_blond.png; sourceTree = "<group>"; };
		71328AF017C36E92007EE533 /* MobileCoreServices.framework */ = {isa = PBXFileReference; lastKnownFileType = wrapper.framework; name = MobileCoreServices.framework; path = System/Library/Frameworks/MobileCoreServices.framework; sourceTree = SDKROOT; };
		71328AF217C38162007EE533 /* OKMainViewController.h */ = {isa = PBXFileReference; fileEncoding = 4; lastKnownFileType = sourcecode.c.h; path = OKMainViewController.h; sourceTree = "<group>"; };
		71328AF317C38162007EE533 /* OKMainViewController.m */ = {isa = PBXFileReference; fileEncoding = 4; lastKnownFileType = sourcecode.c.objc; path = OKMainViewController.m; sourceTree = "<group>"; };
		71328AF517C38ADB007EE533 /* MyCutomView.h */ = {isa = PBXFileReference; lastKnownFileType = sourcecode.c.h; name = MyCutomView.h; path = ../../PhotoPixelDeneme/PhotoPixelDeneme/MyCutomView.h; sourceTree = "<group>"; };
		71328AF617C38ADB007EE533 /* MyCutomView.m */ = {isa = PBXFileReference; lastKnownFileType = sourcecode.c.objc; name = MyCutomView.m; path = ../../PhotoPixelDeneme/PhotoPixelDeneme/MyCutomView.m; sourceTree = "<group>"; };
		71328AF917C3A5B8007EE533 /* CoreImage.framework */ = {isa = PBXFileReference; lastKnownFileType = wrapper.framework; name = CoreImage.framework; path = System/Library/Frameworks/CoreImage.framework; sourceTree = SDKROOT; };
		7134B71119A3B3A800BFE754 /* CoreDataTableViewController.h */ = {isa = PBXFileReference; fileEncoding = 4; lastKnownFileType = sourcecode.c.h; path = CoreDataTableViewController.h; sourceTree = "<group>"; };
		7134B71219A3B3A800BFE754 /* CoreDataTableViewController.m */ = {isa = PBXFileReference; fileEncoding = 4; lastKnownFileType = sourcecode.c.objc; path = CoreDataTableViewController.m; sourceTree = "<group>"; };
		7134B71419A3B3F800BFE754 /* ColorDataModel.xcdatamodel */ = {isa = PBXFileReference; lastKnownFileType = wrapper.xcdatamodel; path = ColorDataModel.xcdatamodel; sourceTree = "<group>"; };
		7134B71919A3B3F800BFE754 /* OKProductType.h */ = {isa = PBXFileReference; fileEncoding = 4; lastKnownFileType = sourcecode.c.h; path = OKProductType.h; sourceTree = "<group>"; };
		7134B71A19A3B3F800BFE754 /* OKProductType.m */ = {isa = PBXFileReference; fileEncoding = 4; lastKnownFileType = sourcecode.c.objc; path = OKProductType.m; sourceTree = "<group>"; };
		7134B71B19A3B3F800BFE754 /* ColorModel+Create.h */ = {isa = PBXFileReference; fileEncoding = 4; lastKnownFileType = sourcecode.c.h; path = "ColorModel+Create.h"; sourceTree = "<group>"; };
		7134B71C19A3B3F800BFE754 /* ColorModel+Create.m */ = {isa = PBXFileReference; fileEncoding = 4; lastKnownFileType = sourcecode.c.objc; path = "ColorModel+Create.m"; sourceTree = "<group>"; };
		7134B71D19A3B3F800BFE754 /* BrandModel+Create.h */ = {isa = PBXFileReference; fileEncoding = 4; lastKnownFileType = sourcecode.c.h; path = "BrandModel+Create.h"; sourceTree = "<group>"; };
		7134B71E19A3B3F800BFE754 /* BrandModel+Create.m */ = {isa = PBXFileReference; fileEncoding = 4; lastKnownFileType = sourcecode.c.objc; path = "BrandModel+Create.m"; sourceTree = "<group>"; };
		7134B72F19A3C27200BFE754 /* CoreData.framework */ = {isa = PBXFileReference; lastKnownFileType = wrapper.framework; name = CoreData.framework; path = System/Library/Frameworks/CoreData.framework; sourceTree = SDKROOT; };
		7134B73119A3C8F900BFE754 /* UIColor+GrayScale.h */ = {isa = PBXFileReference; fileEncoding = 4; lastKnownFileType = sourcecode.c.h; path = "UIColor+GrayScale.h"; sourceTree = "<group>"; };
		7134B73219A3C8F900BFE754 /* UIColor+GrayScale.m */ = {isa = PBXFileReference; fileEncoding = 4; lastKnownFileType = sourcecode.c.objc; path = "UIColor+GrayScale.m"; sourceTree = "<group>"; };
		71364337195C3B93006EF824 /* QuartzCore.framework */ = {isa = PBXFileReference; lastKnownFileType = wrapper.framework; name = QuartzCore.framework; path = System/Library/Frameworks/QuartzCore.framework; sourceTree = SDKROOT; };
		71364339195C4E3F006EF824 /* sacli.png */ = {isa = PBXFileReference; lastKnownFileType = image.png; path = sacli.png; sourceTree = "<group>"; };
		7136433B195C5E08006EF824 /* OKUtils.h */ = {isa = PBXFileReference; fileEncoding = 4; lastKnownFileType = sourcecode.c.h; path = OKUtils.h; sourceTree = "<group>"; };
		7136433C195C5E08006EF824 /* OKUtils.m */ = {isa = PBXFileReference; fileEncoding = 4; lastKnownFileType = sourcecode.c.objc; path = OKUtils.m; sourceTree = "<group>"; };
		713733B419B5E61100542E86 /* UserRecordModel+Create.h */ = {isa = PBXFileReference; fileEncoding = 4; lastKnownFileType = sourcecode.c.h; path = "UserRecordModel+Create.h"; sourceTree = "<group>"; };
		713733B519B5E61100542E86 /* UserRecordModel+Create.m */ = {isa = PBXFileReference; fileEncoding = 4; lastKnownFileType = sourcecode.c.objc; path = "UserRecordModel+Create.m"; sourceTree = "<group>"; };
		713733EB19B70F0500542E86 /* tr */ = {isa = PBXFileReference; lastKnownFileType = text.plist.strings; name = tr; path = tr.lproj/FDTake.strings; sourceTree = "<group>"; };
		713733EC19B70F0500542E86 /* tr */ = {isa = PBXFileReference; lastKnownFileType = file.storyboard; name = tr; path = tr.lproj/MainStoryboard_iPhone.storyboard; sourceTree = "<group>"; };
		713733ED19B70F0500542E86 /* tr */ = {isa = PBXFileReference; lastKnownFileType = text.plist.strings; name = tr; path = tr.lproj/InfoPlist.strings; sourceTree = "<group>"; };
		713733EE19B70F0500542E86 /* tr */ = {isa = PBXFileReference; lastKnownFileType = text.plist.strings; name = tr; path = tr.lproj/localized.strings; sourceTree = "<group>"; };
		7150A55E19B4A1AB00597373 /* en */ = {isa = PBXFileReference; lastKnownFileType = file.storyboard; name = en; path = en.lproj/MainStoryboard_iPhone.storyboard; sourceTree = "<group>"; };
		7152CB4D19741B330080898F /* OKWaitForResultsVC.h */ = {isa = PBXFileReference; fileEncoding = 4; lastKnownFileType = sourcecode.c.h; path = OKWaitForResultsVC.h; sourceTree = "<group>"; };
		7152CB4E19741B330080898F /* OKWaitForResultsVC.m */ = {isa = PBXFileReference; fileEncoding = 4; lastKnownFileType = sourcecode.c.objc; path = OKWaitForResultsVC.m; sourceTree = "<group>"; };
		7152CB50197557640080898F /* OKProductJsonType.h */ = {isa = PBXFileReference; fileEncoding = 4; lastKnownFileType = sourcecode.c.h; path = OKProductJsonType.h; sourceTree = "<group>"; };
		7152CB51197557640080898F /* OKProductJsonType.m */ = {isa = PBXFileReference; fileEncoding = 4; lastKnownFileType = sourcecode.c.objc; path = OKProductJsonType.m; sourceTree = "<group>"; };
		7169530B196E646700C988E5 /* en */ = {isa = PBXFileReference; lastKnownFileType = text.plist.strings; name = en; path = en.lproj/FDTake.strings; sourceTree = "<group>"; };
		71695310196E64C100C988E5 /* en */ = {isa = PBXFileReference; lastKnownFileType = text.plist.strings; name = en; path = en.lproj/localized.strings; sourceTree = "<group>"; };
		71840ED619B8454600F99868 /* BrandModel.h */ = {isa = PBXFileReference; fileEncoding = 4; lastKnownFileType = sourcecode.c.h; path = BrandModel.h; sourceTree = "<group>"; };
		71840ED719B8454600F99868 /* BrandModel.m */ = {isa = PBXFileReference; fileEncoding = 4; lastKnownFileType = sourcecode.c.objc; path = BrandModel.m; sourceTree = "<group>"; };
		71840ED919B8454800F99868 /* ColorModel.h */ = {isa = PBXFileReference; fileEncoding = 4; lastKnownFileType = sourcecode.c.h; path = ColorModel.h; sourceTree = "<group>"; };
		71840EDA19B8454800F99868 /* ColorModel.m */ = {isa = PBXFileReference; fileEncoding = 4; lastKnownFileType = sourcecode.c.objc; path = ColorModel.m; sourceTree = "<group>"; };
		71840EDC19B8454800F99868 /* UserRecordModel.h */ = {isa = PBXFileReference; fileEncoding = 4; lastKnownFileType = sourcecode.c.h; path = UserRecordModel.h; sourceTree = "<group>"; };
		71840EDD19B8454800F99868 /* UserRecordModel.m */ = {isa = PBXFileReference; fileEncoding = 4; lastKnownFileType = sourcecode.c.objc; path = UserRecordModel.m; sourceTree = "<group>"; };
		71840EDF19B84B7800F99868 /* persistentStore */ = {isa = PBXFileReference; lastKnownFileType = file; path = persistentStore; sourceTree = "<group>"; };
		718986531963E59400C26297 /* OKZoomView.h */ = {isa = PBXFileReference; fileEncoding = 4; lastKnownFileType = sourcecode.c.h; path = OKZoomView.h; sourceTree = "<group>"; };
		718986541963E59400C26297 /* OKZoomView.m */ = {isa = PBXFileReference; fileEncoding = 4; lastKnownFileType = sourcecode.c.objc; path = OKZoomView.m; sourceTree = "<group>"; };
		718986561964186500C26297 /* UIImage+ImageEffects.h */ = {isa = PBXFileReference; fileEncoding = 4; lastKnownFileType = sourcecode.c.h; path = "UIImage+ImageEffects.h"; sourceTree = "<group>"; };
		718986571964186500C26297 /* UIImage+ImageEffects.m */ = {isa = PBXFileReference; fileEncoding = 4; lastKnownFileType = sourcecode.c.objc; path = "UIImage+ImageEffects.m"; sourceTree = "<group>"; };
		71898659196419C100C26297 /* Accelerate.framework */ = {isa = PBXFileReference; lastKnownFileType = wrapper.framework; name = Accelerate.framework; path = System/Library/Frameworks/Accelerate.framework; sourceTree = SDKROOT; };
		718986651964592B00C26297 /* final_effect_2.png */ = {isa = PBXFileReference; lastKnownFileType = image.png; path = final_effect_2.png; sourceTree = "<group>"; };
		7193555B19654DFC0040F48D /* ImageAssets.xcassets */ = {isa = PBXFileReference; lastKnownFileType = folder.assetcatalog; name = ImageAssets.xcassets; path = ../ImageAssets.xcassets; sourceTree = "<group>"; };
		719BCE8A1966F0E9005F575C /* OKSettingsViewController.h */ = {isa = PBXFileReference; fileEncoding = 4; lastKnownFileType = sourcecode.c.h; name = OKSettingsViewController.h; path = ../OKSettingsViewController.h; sourceTree = "<group>"; };
		719BCE8B1966F0E9005F575C /* OKSettingsViewController.m */ = {isa = PBXFileReference; fileEncoding = 4; lastKnownFileType = sourcecode.c.objc; name = OKSettingsViewController.m; path = ../OKSettingsViewController.m; sourceTree = "<group>"; };
		71ECEF8F195ABB3400872EBC /* FDTakeController.h */ = {isa = PBXFileReference; fileEncoding = 4; lastKnownFileType = sourcecode.c.h; path = FDTakeController.h; sourceTree = "<group>"; };
		71ECEF90195ABB3400872EBC /* FDTakeController.m */ = {isa = PBXFileReference; fileEncoding = 4; lastKnownFileType = sourcecode.c.objc; path = FDTakeController.m; sourceTree = "<group>"; };
		71ECEF93195AC2A600872EBC /* UIImage+AverageColor.h */ = {isa = PBXFileReference; fileEncoding = 4; lastKnownFileType = sourcecode.c.h; path = "UIImage+AverageColor.h"; sourceTree = "<group>"; };
		71ECEF94195AC2A600872EBC /* UIImage+AverageColor.m */ = {isa = PBXFileReference; fileEncoding = 4; lastKnownFileType = sourcecode.c.objc; path = "UIImage+AverageColor.m"; sourceTree = "<group>"; };
/* End PBXFileReference section */

/* Begin PBXFrameworksBuildPhase section */
		71328A8F17C35FD7007EE533 /* Frameworks */ = {
			isa = PBXFrameworksBuildPhase;
			buildActionMask = 2147483647;
			files = (
				7134B73019A3C27200BFE754 /* CoreData.framework in Frameworks */,
				7189865A196419C100C26297 /* Accelerate.framework in Frameworks */,
				71364338195C3B93006EF824 /* QuartzCore.framework in Frameworks */,
				71328AFA17C3A5B8007EE533 /* CoreImage.framework in Frameworks */,
				71328AF117C36E92007EE533 /* MobileCoreServices.framework in Frameworks */,
				71328A9617C35FD7007EE533 /* UIKit.framework in Frameworks */,
				71328A9817C35FD7007EE533 /* Foundation.framework in Frameworks */,
				71328A9A17C35FD7007EE533 /* CoreGraphics.framework in Frameworks */,
			);
			runOnlyForDeploymentPostprocessing = 0;
		};
/* End PBXFrameworksBuildPhase section */

/* Begin PBXGroup section */
		710735A317C49E4200484D21 /* ResultsPage */ = {
			isa = PBXGroup;
			children = (
				713733E819B603FF00542E86 /* Result  Detail */,
				7134B71119A3B3A800BFE754 /* CoreDataTableViewController.h */,
				7134B71219A3B3A800BFE754 /* CoreDataTableViewController.m */,
				710735A017C4981400484D21 /* OKSonuclarViewController.h */,
				710735A117C4981400484D21 /* OKSonuclarViewController.m */,
				710735A417C49E6800484D21 /* OKSonuclarCell.h */,
				710735A517C49E6800484D21 /* OKSonuclarCell.m */,
			);
			name = ResultsPage;
			sourceTree = "<group>";
		};
		71328A8917C35FD7007EE533 = {
			isa = PBXGroup;
			children = (
				71328A9B17C35FD7007EE533 /* Sac Boyam */,
				71328A9417C35FD7007EE533 /* Frameworks */,
				71328A9317C35FD7007EE533 /* Products */,
			);
			sourceTree = "<group>";
		};
		71328A9317C35FD7007EE533 /* Products */ = {
			isa = PBXGroup;
			children = (
				71328A9217C35FD7007EE533 /* Sac Boyam.app */,
			);
			name = Products;
			sourceTree = "<group>";
		};
		71328A9417C35FD7007EE533 /* Frameworks */ = {
			isa = PBXGroup;
			children = (
				7134B72F19A3C27200BFE754 /* CoreData.framework */,
				71898659196419C100C26297 /* Accelerate.framework */,
				71364337195C3B93006EF824 /* QuartzCore.framework */,
				71328AF917C3A5B8007EE533 /* CoreImage.framework */,
				71328AF017C36E92007EE533 /* MobileCoreServices.framework */,
				71328A9517C35FD7007EE533 /* UIKit.framework */,
				71328A9717C35FD7007EE533 /* Foundation.framework */,
				71328A9917C35FD7007EE533 /* CoreGraphics.framework */,
			);
			name = Frameworks;
			sourceTree = "<group>";
		};
		71328A9B17C35FD7007EE533 /* Sac Boyam */ = {
			isa = PBXGroup;
			children = (
				71E8523619A60B3A00CA592A /* iPad */,
				7134B72519A3B3FE00BFE754 /* CoreData */,
				7189866719645B7B00C26297 /* Utils */,
				710735A317C49E4200484D21 /* ResultsPage */,
				71328AF717C38B07007EE533 /* SelectColorPage */,
				713733AA19B5DB4000542E86 /* Settings Page */,
				71328AA417C35FD7007EE533 /* OKAppDelegate.h */,
				71328AA517C35FD7007EE533 /* OKAppDelegate.m */,
				71328AAD17C35FD7007EE533 /* MainStoryboard_iPhone.storyboard */,
				7193555B19654DFC0040F48D /* ImageAssets.xcassets */,
				71328AC117C365F7007EE533 /* images */,
				71328A9C17C35FD7007EE533 /* Supporting Files */,
				71695311196E64C100C988E5 /* localized.strings */,
				7152CB4D19741B330080898F /* OKWaitForResultsVC.h */,
				7152CB4E19741B330080898F /* OKWaitForResultsVC.m */,
			);
			path = "Sac Boyam";
			sourceTree = "<group>";
		};
		71328A9C17C35FD7007EE533 /* Supporting Files */ = {
			isa = PBXGroup;
			children = (
				71328A9D17C35FD7007EE533 /* Sac Boyam-Info.plist */,
				71328A9E17C35FD7007EE533 /* InfoPlist.strings */,
				71328AA117C35FD7007EE533 /* main.m */,
				71328AA317C35FD7007EE533 /* Sac Boyam-Prefix.pch */,
				71328AA717C35FD7007EE533 /* Default.png */,
				71328AA917C35FD7007EE533 /* Default@2x.png */,
				71328AAB17C35FD7007EE533 /* Default-568h@2x.png */,
			);
			name = "Supporting Files";
			sourceTree = "<group>";
		};
		71328AC117C365F7007EE533 /* images */ = {
			isa = PBXGroup;
			children = (
				71E02BCC1966C8D9005F3A34 /* GKImages */,
				718986651964592B00C26297 /* final_effect_2.png */,
				71364339195C4E3F006EF824 /* sacli.png */,
				71328ABD17C365F3007EE533 /* derpette_brown.png */,
				71328ABE17C365F3007EE533 /* derpette_blond.png */,
			);
			name = images;
			sourceTree = "<group>";
		};
		71328AEF17C36C9B007EE533 /* FDTake */ = {
			isa = PBXGroup;
			children = (
				7169530C196E646700C988E5 /* FDTake.strings */,
				71ECEF8F195ABB3400872EBC /* FDTakeController.h */,
				71ECEF90195ABB3400872EBC /* FDTakeController.m */,
			);
			name = FDTake;
			sourceTree = "<group>";
		};
		71328AF717C38B07007EE533 /* SelectColorPage */ = {
			isa = PBXGroup;
			children = (
				71328AF517C38ADB007EE533 /* MyCutomView.h */,
				71328AF617C38ADB007EE533 /* MyCutomView.m */,
				71328AB317C35FD7007EE533 /* OKViewController.h */,
				71328AB417C35FD7007EE533 /* OKViewController.m */,
				718986531963E59400C26297 /* OKZoomView.h */,
				718986541963E59400C26297 /* OKZoomView.m */,
			);
			name = SelectColorPage;
			sourceTree = "<group>";
		};
		7134B72519A3B3FE00BFE754 /* CoreData */ = {
			isa = PBXGroup;
			children = (
				7134B71419A3B3F800BFE754 /* ColorDataModel.xcdatamodel */,
				71840EDF19B84B7800F99868 /* persistentStore */,
				71840EDC19B8454800F99868 /* UserRecordModel.h */,
				71840EDD19B8454800F99868 /* UserRecordModel.m */,
				71840ED919B8454800F99868 /* ColorModel.h */,
				71840EDA19B8454800F99868 /* ColorModel.m */,
				71840ED619B8454600F99868 /* BrandModel.h */,
				71840ED719B8454600F99868 /* BrandModel.m */,
				7134B71919A3B3F800BFE754 /* OKProductType.h */,
				7134B71A19A3B3F800BFE754 /* OKProductType.m */,
				7134B71D19A3B3F800BFE754 /* BrandModel+Create.h */,
				7134B71E19A3B3F800BFE754 /* BrandModel+Create.m */,
				713733B419B5E61100542E86 /* UserRecordModel+Create.h */,
				713733B519B5E61100542E86 /* UserRecordModel+Create.m */,
				7134B71B19A3B3F800BFE754 /* ColorModel+Create.h */,
				7134B71C19A3B3F800BFE754 /* ColorModel+Create.m */,
			);
			name = CoreData;
			sourceTree = "<group>";
		};
		713733AA19B5DB4000542E86 /* Settings Page */ = {
			isa = PBXGroup;
			children = (
				719BCE8A1966F0E9005F575C /* OKSettingsViewController.h */,
				719BCE8B1966F0E9005F575C /* OKSettingsViewController.m */,
			);
			name = "Settings Page";
			sourceTree = "<group>";
		};
		713733E819B603FF00542E86 /* Result  Detail */ = {
			isa = PBXGroup;
			children = (
				71328AF217C38162007EE533 /* OKMainViewController.h */,
				71328AF317C38162007EE533 /* OKMainViewController.m */,
			);
			name = "Result  Detail";
			sourceTree = "<group>";
		};
		7189866719645B7B00C26297 /* Utils */ = {
			isa = PBXGroup;
			children = (
				71328AEF17C36C9B007EE533 /* FDTake */,
				7136433B195C5E08006EF824 /* OKUtils.h */,
				7136433C195C5E08006EF824 /* OKUtils.m */,
				7134B73119A3C8F900BFE754 /* UIColor+GrayScale.h */,
				7134B73219A3C8F900BFE754 /* UIColor+GrayScale.m */,
				718986561964186500C26297 /* UIImage+ImageEffects.h */,
				718986571964186500C26297 /* UIImage+ImageEffects.m */,
				71ECEF93195AC2A600872EBC /* UIImage+AverageColor.h */,
				71ECEF94195AC2A600872EBC /* UIImage+AverageColor.m */,
				71063757196C0ED100D17D66 /* UIView+CreateImage.h */,
				71063758196C0ED100D17D66 /* UIView+CreateImage.m */,
				7152CB50197557640080898F /* OKProductJsonType.h */,
				7152CB51197557640080898F /* OKProductJsonType.m */,
			);
			name = Utils;
			sourceTree = "<group>";
		};
		71E02BCC1966C8D9005F3A34 /* GKImages */ = {
			isa = PBXGroup;
			children = (
			);
			name = GKImages;
			sourceTree = "<group>";
		};
		71E8523619A60B3A00CA592A /* iPad */ = {
			isa = PBXGroup;
			children = (
			);
			name = iPad;
			sourceTree = "<group>";
		};
/* End PBXGroup section */

/* Begin PBXNativeTarget section */
		71328A9117C35FD7007EE533 /* Sac Boyam */ = {
			isa = PBXNativeTarget;
			buildConfigurationList = 71328AB817C35FD7007EE533 /* Build configuration list for PBXNativeTarget "Sac Boyam" */;
			buildPhases = (
				71328A8E17C35FD7007EE533 /* Sources */,
				71328A8F17C35FD7007EE533 /* Frameworks */,
				71328A9017C35FD7007EE533 /* Resources */,
			);
			buildRules = (
			);
			dependencies = (
			);
			name = "Sac Boyam";
			productName = "Sac Boyam";
			productReference = 71328A9217C35FD7007EE533 /* Sac Boyam.app */;
			productType = "com.apple.product-type.application";
		};
/* End PBXNativeTarget section */

/* Begin PBXProject section */
		71328A8A17C35FD7007EE533 /* Project object */ = {
			isa = PBXProject;
			attributes = {
				CLASSPREFIX = OK;
				LastUpgradeCheck = 0460;
				ORGANIZATIONNAME = "Oguzhan Katli";
			};
			buildConfigurationList = 71328A8D17C35FD7007EE533 /* Build configuration list for PBXProject "Sac Boyam" */;
			compatibilityVersion = "Xcode 3.2";
			developmentRegion = English;
			hasScannedForEncodings = 0;
			knownRegions = (
				en,
				de,
				fr,
				nl,
				ru,
				tr,
				"zh-Hans",
				"zh-Hant",
			);
			mainGroup = 71328A8917C35FD7007EE533;
			productRefGroup = 71328A9317C35FD7007EE533 /* Products */;
			projectDirPath = "";
			projectRoot = "";
			targets = (
				71328A9117C35FD7007EE533 /* Sac Boyam */,
			);
		};
/* End PBXProject section */

/* Begin PBXResourcesBuildPhase section */
		71328A9017C35FD7007EE533 /* Resources */ = {
			isa = PBXResourcesBuildPhase;
			buildActionMask = 2147483647;
			files = (
				71328AA017C35FD7007EE533 /* InfoPlist.strings in Resources */,
				71328AA817C35FD7007EE533 /* Default.png in Resources */,
				7193555C19654DFC0040F48D /* ImageAssets.xcassets in Resources */,
				71328AAA17C35FD7007EE533 /* Default@2x.png in Resources */,
				71840EE019B84B7800F99868 /* persistentStore in Resources */,
				7169530F196E64C100C988E5 /* localized.strings in Resources */,
				71328AAC17C35FD7007EE533 /* Default-568h@2x.png in Resources */,
				718986661964592B00C26297 /* final_effect_2.png in Resources */,
				71328AAF17C35FD7007EE533 /* MainStoryboard_iPhone.storyboard in Resources */,
				71328ABF17C365F3007EE533 /* derpette_brown.png in Resources */,
				7169530A196E646700C988E5 /* FDTake.strings in Resources */,
				71328AC017C365F3007EE533 /* derpette_blond.png in Resources */,
				7136433A195C4E3F006EF824 /* sacli.png in Resources */,
			);
			runOnlyForDeploymentPostprocessing = 0;
		};
/* End PBXResourcesBuildPhase section */

/* Begin PBXSourcesBuildPhase section */
		71328A8E17C35FD7007EE533 /* Sources */ = {
			isa = PBXSourcesBuildPhase;
			buildActionMask = 2147483647;
			files = (
				718986551963E59400C26297 /* OKZoomView.m in Sources */,
				7134B72219A3B3F800BFE754 /* OKProductType.m in Sources */,
				7134B72419A3B3F800BFE754 /* BrandModel+Create.m in Sources */,
				71840EDE19B8454800F99868 /* UserRecordModel.m in Sources */,
				71840ED819B8454600F99868 /* BrandModel.m in Sources */,
				71ECEF91195ABB3400872EBC /* FDTakeController.m in Sources */,
				719BCE8C1966F0E9005F575C /* OKSettingsViewController.m in Sources */,
				71328AF817C38BA5007EE533 /* MyCutomView.m in Sources */,
				713733B619B5E61100542E86 /* UserRecordModel+Create.m in Sources */,
				71328AA217C35FD7007EE533 /* main.m in Sources */,
				7134B71319A3B3A800BFE754 /* CoreDataTableViewController.m in Sources */,
				7134B73319A3C8F900BFE754 /* UIColor+GrayScale.m in Sources */,
				71840EDB19B8454800F99868 /* ColorModel.m in Sources */,
				7152CB52197557640080898F /* OKProductJsonType.m in Sources */,
				7136433D195C5E08006EF824 /* OKUtils.m in Sources */,
				71328AA617C35FD7007EE533 /* OKAppDelegate.m in Sources */,
				71328AB517C35FD7007EE533 /* OKViewController.m in Sources */,
				7134B72319A3B3F800BFE754 /* ColorModel+Create.m in Sources */,
				71328AF417C38162007EE533 /* OKMainViewController.m in Sources */,
				718986581964186500C26297 /* UIImage+ImageEffects.m in Sources */,
				71063759196C0ED100D17D66 /* UIView+CreateImage.m in Sources */,
				71ECEF95195AC2A600872EBC /* UIImage+AverageColor.m in Sources */,
				7134B71F19A3B3F800BFE754 /* ColorDataModel.xcdatamodel in Sources */,
				710735A217C4981400484D21 /* OKSonuclarViewController.m in Sources */,
				710735A617C49E6800484D21 /* OKSonuclarCell.m in Sources */,
				7152CB4F19741B330080898F /* OKWaitForResultsVC.m in Sources */,
			);
			runOnlyForDeploymentPostprocessing = 0;
		};
/* End PBXSourcesBuildPhase section */

/* Begin PBXVariantGroup section */
		71328A9E17C35FD7007EE533 /* InfoPlist.strings */ = {
			isa = PBXVariantGroup;
			children = (
				71328A9F17C35FD7007EE533 /* en */,
				713733ED19B70F0500542E86 /* tr */,
			);
			name = InfoPlist.strings;
			sourceTree = "<group>";
		};
		71328AAD17C35FD7007EE533 /* MainStoryboard_iPhone.storyboard */ = {
			isa = PBXVariantGroup;
			children = (
				7150A55E19B4A1AB00597373 /* en */,
				713733EC19B70F0500542E86 /* tr */,
			);
			name = MainStoryboard_iPhone.storyboard;
			sourceTree = "<group>";
		};
		7169530C196E646700C988E5 /* FDTake.strings */ = {
			isa = PBXVariantGroup;
			children = (
				7169530B196E646700C988E5 /* en */,
				713733EB19B70F0500542E86 /* tr */,
			);
			name = FDTake.strings;
			sourceTree = "<group>";
		};
		71695311196E64C100C988E5 /* localized.strings */ = {
			isa = PBXVariantGroup;
			children = (
				71695310196E64C100C988E5 /* en */,
				713733EE19B70F0500542E86 /* tr */,
			);
			name = localized.strings;
			sourceTree = "<group>";
		};
/* End PBXVariantGroup section */

/* Begin XCBuildConfiguration section */
		71328AB617C35FD7007EE533 /* Debug */ = {
			isa = XCBuildConfiguration;
			buildSettings = {
				ALWAYS_SEARCH_USER_PATHS = NO;
				CLANG_CXX_LANGUAGE_STANDARD = "gnu++0x";
				CLANG_CXX_LIBRARY = "libc++";
				CLANG_ENABLE_OBJC_ARC = YES;
				CLANG_WARN_CONSTANT_CONVERSION = YES;
				CLANG_WARN_EMPTY_BODY = YES;
				CLANG_WARN_ENUM_CONVERSION = YES;
				CLANG_WARN_INT_CONVERSION = YES;
				CLANG_WARN__DUPLICATE_METHOD_MATCH = YES;
				"CODE_SIGN_IDENTITY[sdk=iphoneos*]" = "iPhone Developer";
				COPY_PHASE_STRIP = NO;
				GCC_C_LANGUAGE_STANDARD = gnu99;
				GCC_DYNAMIC_NO_PIC = NO;
				GCC_OPTIMIZATION_LEVEL = 0;
				GCC_PREPROCESSOR_DEFINITIONS = (
					"DEBUG=1",
					"$(inherited)",
				);
				GCC_SYMBOLS_PRIVATE_EXTERN = NO;
				GCC_WARN_ABOUT_RETURN_TYPE = YES;
				GCC_WARN_UNINITIALIZED_AUTOS = YES;
				GCC_WARN_UNUSED_VARIABLE = YES;
				IPHONEOS_DEPLOYMENT_TARGET = 7.0;
				ONLY_ACTIVE_ARCH = YES;
				SDKROOT = iphoneos;
				TARGETED_DEVICE_FAMILY = "1,2";
			};
			name = Debug;
		};
		71328AB717C35FD7007EE533 /* Release */ = {
			isa = XCBuildConfiguration;
			buildSettings = {
				ALWAYS_SEARCH_USER_PATHS = NO;
				CLANG_CXX_LANGUAGE_STANDARD = "gnu++0x";
				CLANG_CXX_LIBRARY = "libc++";
				CLANG_ENABLE_OBJC_ARC = YES;
				CLANG_WARN_CONSTANT_CONVERSION = YES;
				CLANG_WARN_EMPTY_BODY = YES;
				CLANG_WARN_ENUM_CONVERSION = YES;
				CLANG_WARN_INT_CONVERSION = YES;
				CLANG_WARN__DUPLICATE_METHOD_MATCH = YES;
				"CODE_SIGN_IDENTITY[sdk=iphoneos*]" = "iPhone Developer";
				COPY_PHASE_STRIP = YES;
				GCC_C_LANGUAGE_STANDARD = gnu99;
				GCC_WARN_ABOUT_RETURN_TYPE = YES;
				GCC_WARN_UNINITIALIZED_AUTOS = YES;
				GCC_WARN_UNUSED_VARIABLE = YES;
				IPHONEOS_DEPLOYMENT_TARGET = 7.0;
				OTHER_CFLAGS = "-DNS_BLOCK_ASSERTIONS=1";
				SDKROOT = iphoneos;
				TARGETED_DEVICE_FAMILY = "1,2";
				VALIDATE_PRODUCT = YES;
			};
			name = Release;
		};
		71328AB917C35FD7007EE533 /* Debug */ = {
			isa = XCBuildConfiguration;
			buildSettings = {
				GCC_PRECOMPILE_PREFIX_HEADER = YES;
				GCC_PREFIX_HEADER = "Sac Boyam/Sac Boyam-Prefix.pch";
				INFOPLIST_FILE = "Sac Boyam/Sac Boyam-Info.plist";
				IPHONEOS_DEPLOYMENT_TARGET = 7.0;
				PRODUCT_NAME = "$(TARGET_NAME)";
				TARGETED_DEVICE_FAMILY = 1;
				WRAPPER_EXTENSION = app;
			};
			name = Debug;
		};
		71328ABA17C35FD7007EE533 /* Release */ = {
			isa = XCBuildConfiguration;
			buildSettings = {
				GCC_PRECOMPILE_PREFIX_HEADER = YES;
				GCC_PREFIX_HEADER = "Sac Boyam/Sac Boyam-Prefix.pch";
				INFOPLIST_FILE = "Sac Boyam/Sac Boyam-Info.plist";
				IPHONEOS_DEPLOYMENT_TARGET = 7.0;
				PRODUCT_NAME = "$(TARGET_NAME)";
				TARGETED_DEVICE_FAMILY = 1;
				WRAPPER_EXTENSION = app;
			};
			name = Release;
		};
/* End XCBuildConfiguration section */

/* Begin XCConfigurationList section */
		71328A8D17C35FD7007EE533 /* Build configuration list for PBXProject "Sac Boyam" */ = {
			isa = XCConfigurationList;
			buildConfigurations = (
				71328AB617C35FD7007EE533 /* Debug */,
				71328AB717C35FD7007EE533 /* Release */,
			);
			defaultConfigurationIsVisible = 0;
			defaultConfigurationName = Release;
		};
		71328AB817C35FD7007EE533 /* Build configuration list for PBXNativeTarget "Sac Boyam" */ = {
			isa = XCConfigurationList;
			buildConfigurations = (
				71328AB917C35FD7007EE533 /* Debug */,
				71328ABA17C35FD7007EE533 /* Release */,
			);
			defaultConfigurationIsVisible = 0;
			defaultConfigurationName = Release;
		};
/* End XCConfigurationList section */
	};
	rootObject = 71328A8A17C35FD7007EE533 /* Project object */;
}
